// !$*UTF8*$!
{
	archiveVersion = 1;
	classes = {
	};
	objectVersion = 50;
	objects = {

/* Begin PBXBuildFile section */
		18953CED22DC6ABC00D4EB2A /* Cells.m in Sources */ = {isa = PBXBuildFile; fileRef = 18953CEC22DC6ABC00D4EB2A /* Cells.m */; };
		18953D0022DC75B500D4EB2A /* POST.m in Sources */ = {isa = PBXBuildFile; fileRef = 18953CFF22DC75B500D4EB2A /* POST.m */; };
		18953D3222DEFBCC00D4EB2A /* WLogin.m in Sources */ = {isa = PBXBuildFile; fileRef = 18953D3122DEFBCC00D4EB2A /* WLogin.m */; };
		18953D3522DEFBE200D4EB2A /* WPhoneLogin.m in Sources */ = {isa = PBXBuildFile; fileRef = 18953D3422DEFBE200D4EB2A /* WPhoneLogin.m */; };
		18953D3822DEFBF900D4EB2A /* WRegistered.m in Sources */ = {isa = PBXBuildFile; fileRef = 18953D3722DEFBF900D4EB2A /* WRegistered.m */; };
		18953D3B22DEFC0500D4EB2A /* WMine.m in Sources */ = {isa = PBXBuildFile; fileRef = 18953D3A22DEFC0500D4EB2A /* WMine.m */; };
		18953D3E22DEFC9800D4EB2A /* WPersonal.m in Sources */ = {isa = PBXBuildFile; fileRef = 18953D3D22DEFC9800D4EB2A /* WPersonal.m */; };
		18953D4122DEFCA800D4EB2A /* WPersonEditor.m in Sources */ = {isa = PBXBuildFile; fileRef = 18953D4022DEFCA800D4EB2A /* WPersonEditor.m */; };
		18953D4422DEFCC600D4EB2A /* WMoney.m in Sources */ = {isa = PBXBuildFile; fileRef = 18953D4322DEFCC600D4EB2A /* WMoney.m */; };
		18953D4722DEFD0200D4EB2A /* WSetUp.m in Sources */ = {isa = PBXBuildFile; fileRef = 18953D4622DEFD0200D4EB2A /* WSetUp.m */; };
		18953D4A22DEFD4C00D4EB2A /* WHost.m in Sources */ = {isa = PBXBuildFile; fileRef = 18953D4922DEFD4C00D4EB2A /* WHost.m */; };
		18953D4D22DEFD5500D4EB2A /* WFollow.m in Sources */ = {isa = PBXBuildFile; fileRef = 18953D4C22DEFD5500D4EB2A /* WFollow.m */; };
		18953D5022DEFD6200D4EB2A /* WNew.m in Sources */ = {isa = PBXBuildFile; fileRef = 18953D4F22DEFD6200D4EB2A /* WNew.m */; };
		18953D5322DEFDE900D4EB2A /* WConcern.m in Sources */ = {isa = PBXBuildFile; fileRef = 18953D5222DEFDE900D4EB2A /* WConcern.m */; };
		18953D5622DEFDF400D4EB2A /* WFans.m in Sources */ = {isa = PBXBuildFile; fileRef = 18953D5522DEFDF400D4EB2A /* WFans.m */; };
		18953D5922DEFE4400D4EB2A /* WBang.m in Sources */ = {isa = PBXBuildFile; fileRef = 18953D5822DEFE4400D4EB2A /* WBang.m */; };
		18953D5C22DEFF1100D4EB2A /* WAnchorEnd.m in Sources */ = {isa = PBXBuildFile; fileRef = 18953D5B22DEFF1100D4EB2A /* WAnchorEnd.m */; };
		18953D5F22DEFF4100D4EB2A /* WAudienceEnd.m in Sources */ = {isa = PBXBuildFile; fileRef = 18953D5E22DEFF4100D4EB2A /* WAudienceEnd.m */; };
		18953D6222DEFF8400D4EB2A /* WHttpPhoneLogin.m in Sources */ = {isa = PBXBuildFile; fileRef = 18953D6122DEFF8400D4EB2A /* WHttpPhoneLogin.m */; };
		18953D6522DEFFA100D4EB2A /* WHttpRegistered.m in Sources */ = {isa = PBXBuildFile; fileRef = 18953D6422DEFFA100D4EB2A /* WHttpRegistered.m */; };
		18953D6822DEFFBB00D4EB2A /* WHttpMine.m in Sources */ = {isa = PBXBuildFile; fileRef = 18953D6722DEFFBB00D4EB2A /* WHttpMine.m */; };
		18953D6B22DEFFD600D4EB2A /* WHttpHostAnchor.m in Sources */ = {isa = PBXBuildFile; fileRef = 18953D6A22DEFFD600D4EB2A /* WHttpHostAnchor.m */; };
		18953D7422DF04C400D4EB2A /* WTableListVC.m in Sources */ = {isa = PBXBuildFile; fileRef = 18953D7322DF04C400D4EB2A /* WTableListVC.m */; };
		18953D7722DF04E300D4EB2A /* WCollectionListVC.m in Sources */ = {isa = PBXBuildFile; fileRef = 18953D7622DF04E300D4EB2A /* WCollectionListVC.m */; };
		18953D7A22DF055300D4EB2A /* WCollectionListView.m in Sources */ = {isa = PBXBuildFile; fileRef = 18953D7922DF055300D4EB2A /* WCollectionListView.m */; };
		18953D9622DF08F900D4EB2A /* NSLayoutConstraint+MASDebugAdditions.m in Sources */ = {isa = PBXBuildFile; fileRef = 18953D7D22DF08F800D4EB2A /* NSLayoutConstraint+MASDebugAdditions.m */; };
		18953D9722DF08F900D4EB2A /* ViewController+MASAdditions.m in Sources */ = {isa = PBXBuildFile; fileRef = 18953D8622DF08F800D4EB2A /* ViewController+MASAdditions.m */; };
		18953D9822DF08F900D4EB2A /* MASCompositeConstraint.m in Sources */ = {isa = PBXBuildFile; fileRef = 18953D8A22DF08F800D4EB2A /* MASCompositeConstraint.m */; };
		18953D9922DF08F900D4EB2A /* MASConstraintMaker.m in Sources */ = {isa = PBXBuildFile; fileRef = 18953D8B22DF08F800D4EB2A /* MASConstraintMaker.m */; };
		18953D9A22DF08F900D4EB2A /* MASLayoutConstraint.m in Sources */ = {isa = PBXBuildFile; fileRef = 18953D8C22DF08F800D4EB2A /* MASLayoutConstraint.m */; };
		18953D9B22DF08F900D4EB2A /* NSArray+MASAdditions.m in Sources */ = {isa = PBXBuildFile; fileRef = 18953D8D22DF08F800D4EB2A /* NSArray+MASAdditions.m */; };
		18953D9C22DF08F900D4EB2A /* View+MASAdditions.m in Sources */ = {isa = PBXBuildFile; fileRef = 18953D8E22DF08F800D4EB2A /* View+MASAdditions.m */; };
		18953D9D22DF08F900D4EB2A /* MASConstraint.m in Sources */ = {isa = PBXBuildFile; fileRef = 18953D9122DF08F800D4EB2A /* MASConstraint.m */; };
		18953D9E22DF08F900D4EB2A /* MASViewConstraint.m in Sources */ = {isa = PBXBuildFile; fileRef = 18953D9322DF08F800D4EB2A /* MASViewConstraint.m */; };
		18953D9F22DF08F900D4EB2A /* MASViewAttribute.m in Sources */ = {isa = PBXBuildFile; fileRef = 18953D9422DF08F800D4EB2A /* MASViewAttribute.m */; };
		18953DA722DF0F3000D4EB2A /* Router.m in Sources */ = {isa = PBXBuildFile; fileRef = 18953DA622DF0F3000D4EB2A /* Router.m */; };
		18953DAA22DF18B900D4EB2A /* WShow.m in Sources */ = {isa = PBXBuildFile; fileRef = 18953DA922DF18B900D4EB2A /* WShow.m */; };
		18953DAD22DF1A6500D4EB2A /* WHome.m in Sources */ = {isa = PBXBuildFile; fileRef = 18953DAC22DF1A6500D4EB2A /* WHome.m */; };
		18953DB322DF1E3F00D4EB2A /* WTabVC.m in Sources */ = {isa = PBXBuildFile; fileRef = 18953DB222DF1E3F00D4EB2A /* WTabVC.m */; };
		18953DB822E03D2000D4EB2A /* WAnchorStart.m in Sources */ = {isa = PBXBuildFile; fileRef = 18953DB722E03D2000D4EB2A /* WAnchorStart.m */; };
		18953DBB22E03D6800D4EB2A /* WWatch.m in Sources */ = {isa = PBXBuildFile; fileRef = 18953DBA22E03D6800D4EB2A /* WWatch.m */; };
		18953DBE22E0556B00D4EB2A /* WPasswordCell.m in Sources */ = {isa = PBXBuildFile; fileRef = 18953DBD22E0556B00D4EB2A /* WPasswordCell.m */; };
		18953DC122E0557500D4EB2A /* WForgetCell.m in Sources */ = {isa = PBXBuildFile; fileRef = 18953DC022E0557500D4EB2A /* WForgetCell.m */; };
		18953DC422E056DB00D4EB2A /* WForget.m in Sources */ = {isa = PBXBuildFile; fileRef = 18953DC322E056DB00D4EB2A /* WForget.m */; };
		18953DC822E0687A00D4EB2A /* ca_right@3x.png in Resources */ = {isa = PBXBuildFile; fileRef = 18953DC622E0687A00D4EB2A /* ca_right@3x.png */; };
		18953DC922E0687A00D4EB2A /* ca_right@2x.png in Resources */ = {isa = PBXBuildFile; fileRef = 18953DC722E0687A00D4EB2A /* ca_right@2x.png */; };
		18953DD122E09F4700D4EB2A /* WEditorView.m in Sources */ = {isa = PBXBuildFile; fileRef = 18953DD022E09F4700D4EB2A /* WEditorView.m */; };
		458F054822D62A2200271BB4 /* AppDelegate.m in Sources */ = {isa = PBXBuildFile; fileRef = 458F054722D62A2200271BB4 /* AppDelegate.m */; };
		458F054B22D62A2200271BB4 /* ViewController.m in Sources */ = {isa = PBXBuildFile; fileRef = 458F054A22D62A2200271BB4 /* ViewController.m */; };
		458F054E22D62A2200271BB4 /* Main.storyboard in Resources */ = {isa = PBXBuildFile; fileRef = 458F054C22D62A2200271BB4 /* Main.storyboard */; };
		458F055022D62A2300271BB4 /* Assets.xcassets in Resources */ = {isa = PBXBuildFile; fileRef = 458F054F22D62A2300271BB4 /* Assets.xcassets */; };
		458F055322D62A2300271BB4 /* LaunchScreen.storyboard in Resources */ = {isa = PBXBuildFile; fileRef = 458F055122D62A2300271BB4 /* LaunchScreen.storyboard */; };
		458F055622D62A2300271BB4 /* main.m in Sources */ = {isa = PBXBuildFile; fileRef = 458F055522D62A2300271BB4 /* main.m */; };
		458F056022D62A2400271BB4 /* OC_DemoTests.m in Sources */ = {isa = PBXBuildFile; fileRef = 458F055F22D62A2400271BB4 /* OC_DemoTests.m */; };
		458F056B22D62A2400271BB4 /* OC_DemoUITests.m in Sources */ = {isa = PBXBuildFile; fileRef = 458F056A22D62A2400271BB4 /* OC_DemoUITests.m */; };
		458F058122D62A7C00271BB4 /* One.m in Sources */ = {isa = PBXBuildFile; fileRef = 458F058022D62A7C00271BB4 /* One.m */; };
		458F058422D62A8C00271BB4 /* OneCell.m in Sources */ = {isa = PBXBuildFile; fileRef = 458F058322D62A8C00271BB4 /* OneCell.m */; };
		458F058D22D632CD00271BB4 /* TwoCell.m in Sources */ = {isa = PBXBuildFile; fileRef = 458F058C22D632CD00271BB4 /* TwoCell.m */; };
		458F059022D632D900271BB4 /* ThreeCell.m in Sources */ = {isa = PBXBuildFile; fileRef = 458F058F22D632D900271BB4 /* ThreeCell.m */; };
		458F059D22D7748A00271BB4 /* WTable.m in Sources */ = {isa = PBXBuildFile; fileRef = 458F059C22D7748A00271BB4 /* WTable.m */; };
		458F05A022D77AD600271BB4 /* TestViewController.m in Sources */ = {isa = PBXBuildFile; fileRef = 458F059F22D77AD600271BB4 /* TestViewController.m */; };
		458F05A622D780C600271BB4 /* OneCellModel.m in Sources */ = {isa = PBXBuildFile; fileRef = 458F05A522D780C600271BB4 /* OneCellModel.m */; };
		458F05AF22D784B400271BB4 /* UITableViewCell+CellFunc.m in Sources */ = {isa = PBXBuildFile; fileRef = 458F05AE22D784B400271BB4 /* UITableViewCell+CellFunc.m */; };
		458F05B222D7869500271BB4 /* TwoCellModel.m in Sources */ = {isa = PBXBuildFile; fileRef = 458F05B122D7869500271BB4 /* TwoCellModel.m */; };
		458F05B522D786A100271BB4 /* ThreeCellModel.m in Sources */ = {isa = PBXBuildFile; fileRef = 458F05B422D786A100271BB4 /* ThreeCellModel.m */; };
		458F05BA22D9992C00271BB4 /* WCollectionView.m in Sources */ = {isa = PBXBuildFile; fileRef = 458F05B922D9992C00271BB4 /* WCollectionView.m */; };
		458F05BD22D99AEC00271BB4 /* UICollectionViewCell+CellFunc.m in Sources */ = {isa = PBXBuildFile; fileRef = 458F05BC22D99AEC00271BB4 /* UICollectionViewCell+CellFunc.m */; };
		458F05C022D99BA900271BB4 /* TestCollectionViewController.m in Sources */ = {isa = PBXBuildFile; fileRef = 458F05BF22D99BA900271BB4 /* TestCollectionViewController.m */; };
		458F05C422D99E0E00271BB4 /* TestCollectionViewCell.m in Sources */ = {isa = PBXBuildFile; fileRef = 458F05C322D99E0E00271BB4 /* TestCollectionViewCell.m */; };
		458F05C722D99E1D00271BB4 /* TestCellModel.m in Sources */ = {isa = PBXBuildFile; fileRef = 458F05C622D99E1D00271BB4 /* TestCellModel.m */; };
		458F05CA22D99F6400271BB4 /* Test.m in Sources */ = {isa = PBXBuildFile; fileRef = 458F05C922D99F6400271BB4 /* Test.m */; };
		458F05D722DF538B00271BB4 /* WHomeTabCell.m in Sources */ = {isa = PBXBuildFile; fileRef = 458F05D622DF538B00271BB4 /* WHomeTabCell.m */; };
		458F05DA22DF539600271BB4 /* WHomeTabCellModel.m in Sources */ = {isa = PBXBuildFile; fileRef = 458F05D922DF539600271BB4 /* WHomeTabCellModel.m */; };
		458F05DD22DF59AF00271BB4 /* WHomeBottomCell.m in Sources */ = {isa = PBXBuildFile; fileRef = 458F05DC22DF59AF00271BB4 /* WHomeBottomCell.m */; };
		458F05E022DF59BF00271BB4 /* WHomeBottomCellModel.m in Sources */ = {isa = PBXBuildFile; fileRef = 458F05DF22DF59BF00271BB4 /* WHomeBottomCellModel.m */; };
		458F05E322DF5DE800271BB4 /* WHomeHostCell.m in Sources */ = {isa = PBXBuildFile; fileRef = 458F05E222DF5DE800271BB4 /* WHomeHostCell.m */; };
		458F05E622DF5DF600271BB4 /* WHomeHostCellModel.m in Sources */ = {isa = PBXBuildFile; fileRef = 458F05E522DF5DF600271BB4 /* WHomeHostCellModel.m */; };
		458F05E922DF616900271BB4 /* WLoginCell.m in Sources */ = {isa = PBXBuildFile; fileRef = 458F05E822DF616900271BB4 /* WLoginCell.m */; };
		458F05EF22DF629200271BB4 /* WLoginOtherCell.m in Sources */ = {isa = PBXBuildFile; fileRef = 458F05EE22DF629200271BB4 /* WLoginOtherCell.m */; };
		458F05F222DF62E100271BB4 /* WLoginInputCell.m in Sources */ = {isa = PBXBuildFile; fileRef = 458F05F122DF62E100271BB4 /* WLoginInputCell.m */; };
		458F05F522DF631300271BB4 /* WLoginVCodeCell.m in Sources */ = {isa = PBXBuildFile; fileRef = 458F05F422DF631300271BB4 /* WLoginVCodeCell.m */; };
		458F05F822DF632600271BB4 /* WLoginButtonCell.m in Sources */ = {isa = PBXBuildFile; fileRef = 458F05F722DF632600271BB4 /* WLoginButtonCell.m */; };
		458F05FB22DF640700271BB4 /* WLoginController.m in Sources */ = {isa = PBXBuildFile; fileRef = 458F05FA22DF640700271BB4 /* WLoginController.m */; };
		458F05FE22DF688D00271BB4 /* WMineHeaderCell.m in Sources */ = {isa = PBXBuildFile; fileRef = 458F05FD22DF688D00271BB4 /* WMineHeaderCell.m */; };
		458F060122DF68AA00271BB4 /* WMineLineCell.m in Sources */ = {isa = PBXBuildFile; fileRef = 458F060022DF68AA00271BB4 /* WMineLineCell.m */; };
		458F060422DF68B800271BB4 /* WMineCell.m in Sources */ = {isa = PBXBuildFile; fileRef = 458F060322DF68B800271BB4 /* WMineCell.m */; };
		458F060722DF690B00271BB4 /* WPersonHeaderCell.m in Sources */ = {isa = PBXBuildFile; fileRef = 458F060622DF690B00271BB4 /* WPersonHeaderCell.m */; };
		458F060A22DF694400271BB4 /* WPersonCell.m in Sources */ = {isa = PBXBuildFile; fileRef = 458F060922DF694400271BB4 /* WPersonCell.m */; };
		458F060D22DF696200271BB4 /* WLRTitleCell.m in Sources */ = {isa = PBXBuildFile; fileRef = 458F060C22DF696200271BB4 /* WLRTitleCell.m */; };
		458F061622DF69C500271BB4 /* WTitleImgCell.m in Sources */ = {isa = PBXBuildFile; fileRef = 458F061522DF69C500271BB4 /* WTitleImgCell.m */; };
		458F061922DF69D900271BB4 /* WCTitleCell.m in Sources */ = {isa = PBXBuildFile; fileRef = 458F061822DF69D900271BB4 /* WCTitleCell.m */; };
		458F061C22DF6F8600271BB4 /* WFollowCell.m in Sources */ = {isa = PBXBuildFile; fileRef = 458F061B22DF6F8600271BB4 /* WFollowCell.m */; };
/* End PBXBuildFile section */

/* Begin PBXContainerItemProxy section */
		458F055C22D62A2400271BB4 /* PBXContainerItemProxy */ = {
			isa = PBXContainerItemProxy;
			containerPortal = 458F053B22D62A2100271BB4 /* Project object */;
			proxyType = 1;
			remoteGlobalIDString = 458F054222D62A2200271BB4;
			remoteInfo = OC_Demo;
		};
		458F056722D62A2400271BB4 /* PBXContainerItemProxy */ = {
			isa = PBXContainerItemProxy;
			containerPortal = 458F053B22D62A2100271BB4 /* Project object */;
			proxyType = 1;
			remoteGlobalIDString = 458F054222D62A2200271BB4;
			remoteInfo = OC_Demo;
		};
/* End PBXContainerItemProxy section */

/* Begin PBXFileReference section */
		18953CEB22DC6ABC00D4EB2A /* Cells.h */ = {isa = PBXFileReference; lastKnownFileType = sourcecode.c.h; path = Cells.h; sourceTree = "<group>"; };
		18953CEC22DC6ABC00D4EB2A /* Cells.m */ = {isa = PBXFileReference; lastKnownFileType = sourcecode.c.objc; path = Cells.m; sourceTree = "<group>"; };
		18953CFE22DC75B500D4EB2A /* POST.h */ = {isa = PBXFileReference; lastKnownFileType = sourcecode.c.h; path = POST.h; sourceTree = "<group>"; };
		18953CFF22DC75B500D4EB2A /* POST.m */ = {isa = PBXFileReference; lastKnownFileType = sourcecode.c.objc; path = POST.m; sourceTree = "<group>"; };
		18953D3022DEFBCC00D4EB2A /* WLogin.h */ = {isa = PBXFileReference; lastKnownFileType = sourcecode.c.h; path = WLogin.h; sourceTree = "<group>"; };
		18953D3122DEFBCC00D4EB2A /* WLogin.m */ = {isa = PBXFileReference; lastKnownFileType = sourcecode.c.objc; path = WLogin.m; sourceTree = "<group>"; };
		18953D3322DEFBE200D4EB2A /* WPhoneLogin.h */ = {isa = PBXFileReference; lastKnownFileType = sourcecode.c.h; path = WPhoneLogin.h; sourceTree = "<group>"; };
		18953D3422DEFBE200D4EB2A /* WPhoneLogin.m */ = {isa = PBXFileReference; lastKnownFileType = sourcecode.c.objc; path = WPhoneLogin.m; sourceTree = "<group>"; };
		18953D3622DEFBF900D4EB2A /* WRegistered.h */ = {isa = PBXFileReference; lastKnownFileType = sourcecode.c.h; path = WRegistered.h; sourceTree = "<group>"; };
		18953D3722DEFBF900D4EB2A /* WRegistered.m */ = {isa = PBXFileReference; lastKnownFileType = sourcecode.c.objc; path = WRegistered.m; sourceTree = "<group>"; };
		18953D3922DEFC0500D4EB2A /* WMine.h */ = {isa = PBXFileReference; lastKnownFileType = sourcecode.c.h; path = WMine.h; sourceTree = "<group>"; };
		18953D3A22DEFC0500D4EB2A /* WMine.m */ = {isa = PBXFileReference; lastKnownFileType = sourcecode.c.objc; path = WMine.m; sourceTree = "<group>"; };
		18953D3C22DEFC9800D4EB2A /* WPersonal.h */ = {isa = PBXFileReference; lastKnownFileType = sourcecode.c.h; path = WPersonal.h; sourceTree = "<group>"; };
		18953D3D22DEFC9800D4EB2A /* WPersonal.m */ = {isa = PBXFileReference; lastKnownFileType = sourcecode.c.objc; path = WPersonal.m; sourceTree = "<group>"; };
		18953D3F22DEFCA800D4EB2A /* WPersonEditor.h */ = {isa = PBXFileReference; lastKnownFileType = sourcecode.c.h; path = WPersonEditor.h; sourceTree = "<group>"; };
		18953D4022DEFCA800D4EB2A /* WPersonEditor.m */ = {isa = PBXFileReference; lastKnownFileType = sourcecode.c.objc; path = WPersonEditor.m; sourceTree = "<group>"; };
		18953D4222DEFCC600D4EB2A /* WMoney.h */ = {isa = PBXFileReference; lastKnownFileType = sourcecode.c.h; path = WMoney.h; sourceTree = "<group>"; };
		18953D4322DEFCC600D4EB2A /* WMoney.m */ = {isa = PBXFileReference; lastKnownFileType = sourcecode.c.objc; path = WMoney.m; sourceTree = "<group>"; };
		18953D4522DEFD0200D4EB2A /* WSetUp.h */ = {isa = PBXFileReference; lastKnownFileType = sourcecode.c.h; path = WSetUp.h; sourceTree = "<group>"; };
		18953D4622DEFD0200D4EB2A /* WSetUp.m */ = {isa = PBXFileReference; lastKnownFileType = sourcecode.c.objc; path = WSetUp.m; sourceTree = "<group>"; };
		18953D4822DEFD4C00D4EB2A /* WHost.h */ = {isa = PBXFileReference; lastKnownFileType = sourcecode.c.h; path = WHost.h; sourceTree = "<group>"; };
		18953D4922DEFD4C00D4EB2A /* WHost.m */ = {isa = PBXFileReference; lastKnownFileType = sourcecode.c.objc; path = WHost.m; sourceTree = "<group>"; };
		18953D4B22DEFD5500D4EB2A /* WFollow.h */ = {isa = PBXFileReference; lastKnownFileType = sourcecode.c.h; path = WFollow.h; sourceTree = "<group>"; };
		18953D4C22DEFD5500D4EB2A /* WFollow.m */ = {isa = PBXFileReference; lastKnownFileType = sourcecode.c.objc; path = WFollow.m; sourceTree = "<group>"; };
		18953D4E22DEFD6200D4EB2A /* WNew.h */ = {isa = PBXFileReference; lastKnownFileType = sourcecode.c.h; path = WNew.h; sourceTree = "<group>"; };
		18953D4F22DEFD6200D4EB2A /* WNew.m */ = {isa = PBXFileReference; lastKnownFileType = sourcecode.c.objc; path = WNew.m; sourceTree = "<group>"; };
		18953D5122DEFDE900D4EB2A /* WConcern.h */ = {isa = PBXFileReference; lastKnownFileType = sourcecode.c.h; path = WConcern.h; sourceTree = "<group>"; };
		18953D5222DEFDE900D4EB2A /* WConcern.m */ = {isa = PBXFileReference; lastKnownFileType = sourcecode.c.objc; path = WConcern.m; sourceTree = "<group>"; };
		18953D5422DEFDF400D4EB2A /* WFans.h */ = {isa = PBXFileReference; lastKnownFileType = sourcecode.c.h; path = WFans.h; sourceTree = "<group>"; };
		18953D5522DEFDF400D4EB2A /* WFans.m */ = {isa = PBXFileReference; lastKnownFileType = sourcecode.c.objc; path = WFans.m; sourceTree = "<group>"; };
		18953D5722DEFE4400D4EB2A /* WBang.h */ = {isa = PBXFileReference; lastKnownFileType = sourcecode.c.h; path = WBang.h; sourceTree = "<group>"; };
		18953D5822DEFE4400D4EB2A /* WBang.m */ = {isa = PBXFileReference; lastKnownFileType = sourcecode.c.objc; path = WBang.m; sourceTree = "<group>"; };
		18953D5A22DEFF1100D4EB2A /* WAnchorEnd.h */ = {isa = PBXFileReference; lastKnownFileType = sourcecode.c.h; path = WAnchorEnd.h; sourceTree = "<group>"; };
		18953D5B22DEFF1100D4EB2A /* WAnchorEnd.m */ = {isa = PBXFileReference; lastKnownFileType = sourcecode.c.objc; path = WAnchorEnd.m; sourceTree = "<group>"; };
		18953D5D22DEFF4100D4EB2A /* WAudienceEnd.h */ = {isa = PBXFileReference; lastKnownFileType = sourcecode.c.h; path = WAudienceEnd.h; sourceTree = "<group>"; };
		18953D5E22DEFF4100D4EB2A /* WAudienceEnd.m */ = {isa = PBXFileReference; lastKnownFileType = sourcecode.c.objc; path = WAudienceEnd.m; sourceTree = "<group>"; };
		18953D6022DEFF8300D4EB2A /* WHttpPhoneLogin.h */ = {isa = PBXFileReference; lastKnownFileType = sourcecode.c.h; path = WHttpPhoneLogin.h; sourceTree = "<group>"; };
		18953D6122DEFF8400D4EB2A /* WHttpPhoneLogin.m */ = {isa = PBXFileReference; lastKnownFileType = sourcecode.c.objc; path = WHttpPhoneLogin.m; sourceTree = "<group>"; };
		18953D6322DEFFA100D4EB2A /* WHttpRegistered.h */ = {isa = PBXFileReference; lastKnownFileType = sourcecode.c.h; path = WHttpRegistered.h; sourceTree = "<group>"; };
		18953D6422DEFFA100D4EB2A /* WHttpRegistered.m */ = {isa = PBXFileReference; lastKnownFileType = sourcecode.c.objc; path = WHttpRegistered.m; sourceTree = "<group>"; };
		18953D6622DEFFBB00D4EB2A /* WHttpMine.h */ = {isa = PBXFileReference; lastKnownFileType = sourcecode.c.h; path = WHttpMine.h; sourceTree = "<group>"; };
		18953D6722DEFFBB00D4EB2A /* WHttpMine.m */ = {isa = PBXFileReference; lastKnownFileType = sourcecode.c.objc; path = WHttpMine.m; sourceTree = "<group>"; };
		18953D6922DEFFD600D4EB2A /* WHttpHostAnchor.h */ = {isa = PBXFileReference; lastKnownFileType = sourcecode.c.h; path = WHttpHostAnchor.h; sourceTree = "<group>"; };
		18953D6A22DEFFD600D4EB2A /* WHttpHostAnchor.m */ = {isa = PBXFileReference; lastKnownFileType = sourcecode.c.objc; path = WHttpHostAnchor.m; sourceTree = "<group>"; };
		18953D7222DF04C400D4EB2A /* WTableListVC.h */ = {isa = PBXFileReference; lastKnownFileType = sourcecode.c.h; path = WTableListVC.h; sourceTree = "<group>"; };
		18953D7322DF04C400D4EB2A /* WTableListVC.m */ = {isa = PBXFileReference; lastKnownFileType = sourcecode.c.objc; path = WTableListVC.m; sourceTree = "<group>"; };
		18953D7522DF04E300D4EB2A /* WCollectionListVC.h */ = {isa = PBXFileReference; lastKnownFileType = sourcecode.c.h; path = WCollectionListVC.h; sourceTree = "<group>"; };
		18953D7622DF04E300D4EB2A /* WCollectionListVC.m */ = {isa = PBXFileReference; lastKnownFileType = sourcecode.c.objc; path = WCollectionListVC.m; sourceTree = "<group>"; };
		18953D7822DF055300D4EB2A /* WCollectionListView.h */ = {isa = PBXFileReference; lastKnownFileType = sourcecode.c.h; path = WCollectionListView.h; sourceTree = "<group>"; };
		18953D7922DF055300D4EB2A /* WCollectionListView.m */ = {isa = PBXFileReference; lastKnownFileType = sourcecode.c.objc; path = WCollectionListView.m; sourceTree = "<group>"; };
		18953D7C22DF08F800D4EB2A /* MASCompositeConstraint.h */ = {isa = PBXFileReference; fileEncoding = 4; lastKnownFileType = sourcecode.c.h; path = MASCompositeConstraint.h; sourceTree = "<group>"; };
		18953D7D22DF08F800D4EB2A /* NSLayoutConstraint+MASDebugAdditions.m */ = {isa = PBXFileReference; fileEncoding = 4; lastKnownFileType = sourcecode.c.objc; path = "NSLayoutConstraint+MASDebugAdditions.m"; sourceTree = "<group>"; };
		18953D7E22DF08F800D4EB2A /* MASConstraint+Private.h */ = {isa = PBXFileReference; fileEncoding = 4; lastKnownFileType = sourcecode.c.h; path = "MASConstraint+Private.h"; sourceTree = "<group>"; };
		18953D7F22DF08F800D4EB2A /* MASLayoutConstraint.h */ = {isa = PBXFileReference; fileEncoding = 4; lastKnownFileType = sourcecode.c.h; path = MASLayoutConstraint.h; sourceTree = "<group>"; };
		18953D8022DF08F800D4EB2A /* NSArray+MASShorthandAdditions.h */ = {isa = PBXFileReference; fileEncoding = 4; lastKnownFileType = sourcecode.c.h; path = "NSArray+MASShorthandAdditions.h"; sourceTree = "<group>"; };
		18953D8122DF08F800D4EB2A /* MASConstraintMaker.h */ = {isa = PBXFileReference; fileEncoding = 4; lastKnownFileType = sourcecode.c.h; path = MASConstraintMaker.h; sourceTree = "<group>"; };
		18953D8222DF08F800D4EB2A /* View+MASAdditions.h */ = {isa = PBXFileReference; fileEncoding = 4; lastKnownFileType = sourcecode.c.h; path = "View+MASAdditions.h"; sourceTree = "<group>"; };
		18953D8322DF08F800D4EB2A /* NSArray+MASAdditions.h */ = {isa = PBXFileReference; fileEncoding = 4; lastKnownFileType = sourcecode.c.h; path = "NSArray+MASAdditions.h"; sourceTree = "<group>"; };
		18953D8422DF08F800D4EB2A /* MASUtilities.h */ = {isa = PBXFileReference; fileEncoding = 4; lastKnownFileType = sourcecode.c.h; path = MASUtilities.h; sourceTree = "<group>"; };
		18953D8522DF08F800D4EB2A /* MASViewAttribute.h */ = {isa = PBXFileReference; fileEncoding = 4; lastKnownFileType = sourcecode.c.h; path = MASViewAttribute.h; sourceTree = "<group>"; };
		18953D8622DF08F800D4EB2A /* ViewController+MASAdditions.m */ = {isa = PBXFileReference; fileEncoding = 4; lastKnownFileType = sourcecode.c.objc; path = "ViewController+MASAdditions.m"; sourceTree = "<group>"; };
		18953D8722DF08F800D4EB2A /* MASViewConstraint.h */ = {isa = PBXFileReference; fileEncoding = 4; lastKnownFileType = sourcecode.c.h; path = MASViewConstraint.h; sourceTree = "<group>"; };
		18953D8822DF08F800D4EB2A /* MASConstraint.h */ = {isa = PBXFileReference; fileEncoding = 4; lastKnownFileType = sourcecode.c.h; path = MASConstraint.h; sourceTree = "<group>"; };
		18953D8922DF08F800D4EB2A /* NSLayoutConstraint+MASDebugAdditions.h */ = {isa = PBXFileReference; fileEncoding = 4; lastKnownFileType = sourcecode.c.h; path = "NSLayoutConstraint+MASDebugAdditions.h"; sourceTree = "<group>"; };
		18953D8A22DF08F800D4EB2A /* MASCompositeConstraint.m */ = {isa = PBXFileReference; fileEncoding = 4; lastKnownFileType = sourcecode.c.objc; path = MASCompositeConstraint.m; sourceTree = "<group>"; };
		18953D8B22DF08F800D4EB2A /* MASConstraintMaker.m */ = {isa = PBXFileReference; fileEncoding = 4; lastKnownFileType = sourcecode.c.objc; path = MASConstraintMaker.m; sourceTree = "<group>"; };
		18953D8C22DF08F800D4EB2A /* MASLayoutConstraint.m */ = {isa = PBXFileReference; fileEncoding = 4; lastKnownFileType = sourcecode.c.objc; path = MASLayoutConstraint.m; sourceTree = "<group>"; };
		18953D8D22DF08F800D4EB2A /* NSArray+MASAdditions.m */ = {isa = PBXFileReference; fileEncoding = 4; lastKnownFileType = sourcecode.c.objc; path = "NSArray+MASAdditions.m"; sourceTree = "<group>"; };
		18953D8E22DF08F800D4EB2A /* View+MASAdditions.m */ = {isa = PBXFileReference; fileEncoding = 4; lastKnownFileType = sourcecode.c.objc; path = "View+MASAdditions.m"; sourceTree = "<group>"; };
		18953D8F22DF08F800D4EB2A /* View+MASShorthandAdditions.h */ = {isa = PBXFileReference; fileEncoding = 4; lastKnownFileType = sourcecode.c.h; path = "View+MASShorthandAdditions.h"; sourceTree = "<group>"; };
		18953D9022DF08F800D4EB2A /* Masonry.h */ = {isa = PBXFileReference; fileEncoding = 4; lastKnownFileType = sourcecode.c.h; path = Masonry.h; sourceTree = "<group>"; };
		18953D9122DF08F800D4EB2A /* MASConstraint.m */ = {isa = PBXFileReference; fileEncoding = 4; lastKnownFileType = sourcecode.c.objc; path = MASConstraint.m; sourceTree = "<group>"; };
		18953D9222DF08F800D4EB2A /* ViewController+MASAdditions.h */ = {isa = PBXFileReference; fileEncoding = 4; lastKnownFileType = sourcecode.c.h; path = "ViewController+MASAdditions.h"; sourceTree = "<group>"; };
		18953D9322DF08F800D4EB2A /* MASViewConstraint.m */ = {isa = PBXFileReference; fileEncoding = 4; lastKnownFileType = sourcecode.c.objc; path = MASViewConstraint.m; sourceTree = "<group>"; };
		18953D9422DF08F800D4EB2A /* MASViewAttribute.m */ = {isa = PBXFileReference; fileEncoding = 4; lastKnownFileType = sourcecode.c.objc; path = MASViewAttribute.m; sourceTree = "<group>"; };
		18953DA522DF0F3000D4EB2A /* Router.h */ = {isa = PBXFileReference; lastKnownFileType = sourcecode.c.h; path = Router.h; sourceTree = "<group>"; };
		18953DA622DF0F3000D4EB2A /* Router.m */ = {isa = PBXFileReference; lastKnownFileType = sourcecode.c.objc; path = Router.m; sourceTree = "<group>"; };
		18953DA822DF18B900D4EB2A /* WShow.h */ = {isa = PBXFileReference; lastKnownFileType = sourcecode.c.h; path = WShow.h; sourceTree = "<group>"; };
		18953DA922DF18B900D4EB2A /* WShow.m */ = {isa = PBXFileReference; lastKnownFileType = sourcecode.c.objc; path = WShow.m; sourceTree = "<group>"; };
		18953DAB22DF1A6500D4EB2A /* WHome.h */ = {isa = PBXFileReference; lastKnownFileType = sourcecode.c.h; path = WHome.h; sourceTree = "<group>"; };
		18953DAC22DF1A6500D4EB2A /* WHome.m */ = {isa = PBXFileReference; lastKnownFileType = sourcecode.c.objc; path = WHome.m; sourceTree = "<group>"; };
		18953DB122DF1E3F00D4EB2A /* WTabVC.h */ = {isa = PBXFileReference; lastKnownFileType = sourcecode.c.h; path = WTabVC.h; sourceTree = "<group>"; };
		18953DB222DF1E3F00D4EB2A /* WTabVC.m */ = {isa = PBXFileReference; lastKnownFileType = sourcecode.c.objc; path = WTabVC.m; sourceTree = "<group>"; };
		18953DB622E03D2000D4EB2A /* WAnchorStart.h */ = {isa = PBXFileReference; lastKnownFileType = sourcecode.c.h; path = WAnchorStart.h; sourceTree = "<group>"; };
		18953DB722E03D2000D4EB2A /* WAnchorStart.m */ = {isa = PBXFileReference; lastKnownFileType = sourcecode.c.objc; path = WAnchorStart.m; sourceTree = "<group>"; };
		18953DB922E03D6800D4EB2A /* WWatch.h */ = {isa = PBXFileReference; lastKnownFileType = sourcecode.c.h; path = WWatch.h; sourceTree = "<group>"; };
		18953DBA22E03D6800D4EB2A /* WWatch.m */ = {isa = PBXFileReference; lastKnownFileType = sourcecode.c.objc; path = WWatch.m; sourceTree = "<group>"; };
		18953DBC22E0556B00D4EB2A /* WPasswordCell.h */ = {isa = PBXFileReference; lastKnownFileType = sourcecode.c.h; path = WPasswordCell.h; sourceTree = "<group>"; };
		18953DBD22E0556B00D4EB2A /* WPasswordCell.m */ = {isa = PBXFileReference; lastKnownFileType = sourcecode.c.objc; path = WPasswordCell.m; sourceTree = "<group>"; };
		18953DBF22E0557500D4EB2A /* WForgetCell.h */ = {isa = PBXFileReference; lastKnownFileType = sourcecode.c.h; path = WForgetCell.h; sourceTree = "<group>"; };
		18953DC022E0557500D4EB2A /* WForgetCell.m */ = {isa = PBXFileReference; lastKnownFileType = sourcecode.c.objc; path = WForgetCell.m; sourceTree = "<group>"; };
		18953DC222E056DB00D4EB2A /* WForget.h */ = {isa = PBXFileReference; lastKnownFileType = sourcecode.c.h; path = WForget.h; sourceTree = "<group>"; };
		18953DC322E056DB00D4EB2A /* WForget.m */ = {isa = PBXFileReference; lastKnownFileType = sourcecode.c.objc; path = WForget.m; sourceTree = "<group>"; };
		18953DC622E0687A00D4EB2A /* ca_right@3x.png */ = {isa = PBXFileReference; lastKnownFileType = image.png; path = "ca_right@3x.png"; sourceTree = "<group>"; };
		18953DC722E0687A00D4EB2A /* ca_right@2x.png */ = {isa = PBXFileReference; lastKnownFileType = image.png; path = "ca_right@2x.png"; sourceTree = "<group>"; };
		18953DCF22E09F4700D4EB2A /* WEditorView.h */ = {isa = PBXFileReference; lastKnownFileType = sourcecode.c.h; path = WEditorView.h; sourceTree = "<group>"; };
		18953DD022E09F4700D4EB2A /* WEditorView.m */ = {isa = PBXFileReference; lastKnownFileType = sourcecode.c.objc; path = WEditorView.m; sourceTree = "<group>"; };
		458F054322D62A2200271BB4 /* OC_Demo.app */ = {isa = PBXFileReference; explicitFileType = wrapper.application; includeInIndex = 0; path = OC_Demo.app; sourceTree = BUILT_PRODUCTS_DIR; };
		458F054622D62A2200271BB4 /* AppDelegate.h */ = {isa = PBXFileReference; lastKnownFileType = sourcecode.c.h; path = AppDelegate.h; sourceTree = "<group>"; };
		458F054722D62A2200271BB4 /* AppDelegate.m */ = {isa = PBXFileReference; lastKnownFileType = sourcecode.c.objc; path = AppDelegate.m; sourceTree = "<group>"; };
		458F054922D62A2200271BB4 /* ViewController.h */ = {isa = PBXFileReference; lastKnownFileType = sourcecode.c.h; path = ViewController.h; sourceTree = "<group>"; };
		458F054A22D62A2200271BB4 /* ViewController.m */ = {isa = PBXFileReference; lastKnownFileType = sourcecode.c.objc; path = ViewController.m; sourceTree = "<group>"; };
		458F054D22D62A2200271BB4 /* Base */ = {isa = PBXFileReference; lastKnownFileType = file.storyboard; name = Base; path = Base.lproj/Main.storyboard; sourceTree = "<group>"; };
		458F054F22D62A2300271BB4 /* Assets.xcassets */ = {isa = PBXFileReference; lastKnownFileType = folder.assetcatalog; path = Assets.xcassets; sourceTree = "<group>"; };
		458F055222D62A2300271BB4 /* Base */ = {isa = PBXFileReference; lastKnownFileType = file.storyboard; name = Base; path = Base.lproj/LaunchScreen.storyboard; sourceTree = "<group>"; };
		458F055422D62A2300271BB4 /* Info.plist */ = {isa = PBXFileReference; lastKnownFileType = text.plist.xml; path = Info.plist; sourceTree = "<group>"; };
		458F055522D62A2300271BB4 /* main.m */ = {isa = PBXFileReference; lastKnownFileType = sourcecode.c.objc; path = main.m; sourceTree = "<group>"; };
		458F055B22D62A2400271BB4 /* OC_DemoTests.xctest */ = {isa = PBXFileReference; explicitFileType = wrapper.cfbundle; includeInIndex = 0; path = OC_DemoTests.xctest; sourceTree = BUILT_PRODUCTS_DIR; };
		458F055F22D62A2400271BB4 /* OC_DemoTests.m */ = {isa = PBXFileReference; lastKnownFileType = sourcecode.c.objc; path = OC_DemoTests.m; sourceTree = "<group>"; };
		458F056122D62A2400271BB4 /* Info.plist */ = {isa = PBXFileReference; lastKnownFileType = text.plist.xml; path = Info.plist; sourceTree = "<group>"; };
		458F056622D62A2400271BB4 /* OC_DemoUITests.xctest */ = {isa = PBXFileReference; explicitFileType = wrapper.cfbundle; includeInIndex = 0; path = OC_DemoUITests.xctest; sourceTree = BUILT_PRODUCTS_DIR; };
		458F056A22D62A2400271BB4 /* OC_DemoUITests.m */ = {isa = PBXFileReference; lastKnownFileType = sourcecode.c.objc; path = OC_DemoUITests.m; sourceTree = "<group>"; };
		458F056C22D62A2400271BB4 /* Info.plist */ = {isa = PBXFileReference; lastKnownFileType = text.plist.xml; path = Info.plist; sourceTree = "<group>"; };
		458F057F22D62A7C00271BB4 /* One.h */ = {isa = PBXFileReference; lastKnownFileType = sourcecode.c.h; path = One.h; sourceTree = "<group>"; };
		458F058022D62A7C00271BB4 /* One.m */ = {isa = PBXFileReference; lastKnownFileType = sourcecode.c.objc; path = One.m; sourceTree = "<group>"; };
		458F058222D62A8C00271BB4 /* OneCell.h */ = {isa = PBXFileReference; lastKnownFileType = sourcecode.c.h; path = OneCell.h; sourceTree = "<group>"; };
		458F058322D62A8C00271BB4 /* OneCell.m */ = {isa = PBXFileReference; lastKnownFileType = sourcecode.c.objc; path = OneCell.m; sourceTree = "<group>"; };
		458F058B22D632CD00271BB4 /* TwoCell.h */ = {isa = PBXFileReference; lastKnownFileType = sourcecode.c.h; path = TwoCell.h; sourceTree = "<group>"; };
		458F058C22D632CD00271BB4 /* TwoCell.m */ = {isa = PBXFileReference; lastKnownFileType = sourcecode.c.objc; path = TwoCell.m; sourceTree = "<group>"; };
		458F058E22D632D900271BB4 /* ThreeCell.h */ = {isa = PBXFileReference; lastKnownFileType = sourcecode.c.h; path = ThreeCell.h; sourceTree = "<group>"; };
		458F058F22D632D900271BB4 /* ThreeCell.m */ = {isa = PBXFileReference; lastKnownFileType = sourcecode.c.objc; path = ThreeCell.m; sourceTree = "<group>"; };
		458F059B22D7748A00271BB4 /* WTable.h */ = {isa = PBXFileReference; lastKnownFileType = sourcecode.c.h; path = WTable.h; sourceTree = "<group>"; };
		458F059C22D7748A00271BB4 /* WTable.m */ = {isa = PBXFileReference; lastKnownFileType = sourcecode.c.objc; path = WTable.m; sourceTree = "<group>"; };
		458F059E22D77AD600271BB4 /* TestViewController.h */ = {isa = PBXFileReference; lastKnownFileType = sourcecode.c.h; path = TestViewController.h; sourceTree = "<group>"; };
		458F059F22D77AD600271BB4 /* TestViewController.m */ = {isa = PBXFileReference; lastKnownFileType = sourcecode.c.objc; path = TestViewController.m; sourceTree = "<group>"; };
		458F05A422D780C600271BB4 /* OneCellModel.h */ = {isa = PBXFileReference; lastKnownFileType = sourcecode.c.h; path = OneCellModel.h; sourceTree = "<group>"; };
		458F05A522D780C600271BB4 /* OneCellModel.m */ = {isa = PBXFileReference; lastKnownFileType = sourcecode.c.objc; path = OneCellModel.m; sourceTree = "<group>"; };
		458F05AD22D784B400271BB4 /* UITableViewCell+CellFunc.h */ = {isa = PBXFileReference; lastKnownFileType = sourcecode.c.h; path = "UITableViewCell+CellFunc.h"; sourceTree = "<group>"; };
		458F05AE22D784B400271BB4 /* UITableViewCell+CellFunc.m */ = {isa = PBXFileReference; lastKnownFileType = sourcecode.c.objc; path = "UITableViewCell+CellFunc.m"; sourceTree = "<group>"; };
		458F05B022D7869500271BB4 /* TwoCellModel.h */ = {isa = PBXFileReference; lastKnownFileType = sourcecode.c.h; path = TwoCellModel.h; sourceTree = "<group>"; };
		458F05B122D7869500271BB4 /* TwoCellModel.m */ = {isa = PBXFileReference; lastKnownFileType = sourcecode.c.objc; path = TwoCellModel.m; sourceTree = "<group>"; };
		458F05B322D786A100271BB4 /* ThreeCellModel.h */ = {isa = PBXFileReference; lastKnownFileType = sourcecode.c.h; path = ThreeCellModel.h; sourceTree = "<group>"; };
		458F05B422D786A100271BB4 /* ThreeCellModel.m */ = {isa = PBXFileReference; lastKnownFileType = sourcecode.c.objc; path = ThreeCellModel.m; sourceTree = "<group>"; };
		458F05B822D9992C00271BB4 /* WCollectionView.h */ = {isa = PBXFileReference; lastKnownFileType = sourcecode.c.h; path = WCollectionView.h; sourceTree = "<group>"; };
		458F05B922D9992C00271BB4 /* WCollectionView.m */ = {isa = PBXFileReference; lastKnownFileType = sourcecode.c.objc; path = WCollectionView.m; sourceTree = "<group>"; };
		458F05BB22D99AEC00271BB4 /* UICollectionViewCell+CellFunc.h */ = {isa = PBXFileReference; lastKnownFileType = sourcecode.c.h; path = "UICollectionViewCell+CellFunc.h"; sourceTree = "<group>"; };
		458F05BC22D99AEC00271BB4 /* UICollectionViewCell+CellFunc.m */ = {isa = PBXFileReference; lastKnownFileType = sourcecode.c.objc; path = "UICollectionViewCell+CellFunc.m"; sourceTree = "<group>"; };
		458F05BE22D99BA900271BB4 /* TestCollectionViewController.h */ = {isa = PBXFileReference; lastKnownFileType = sourcecode.c.h; path = TestCollectionViewController.h; sourceTree = "<group>"; };
		458F05BF22D99BA900271BB4 /* TestCollectionViewController.m */ = {isa = PBXFileReference; lastKnownFileType = sourcecode.c.objc; path = TestCollectionViewController.m; sourceTree = "<group>"; };
		458F05C222D99E0E00271BB4 /* TestCollectionViewCell.h */ = {isa = PBXFileReference; lastKnownFileType = sourcecode.c.h; path = TestCollectionViewCell.h; sourceTree = "<group>"; };
		458F05C322D99E0E00271BB4 /* TestCollectionViewCell.m */ = {isa = PBXFileReference; lastKnownFileType = sourcecode.c.objc; path = TestCollectionViewCell.m; sourceTree = "<group>"; };
		458F05C522D99E1D00271BB4 /* TestCellModel.h */ = {isa = PBXFileReference; lastKnownFileType = sourcecode.c.h; path = TestCellModel.h; sourceTree = "<group>"; };
		458F05C622D99E1D00271BB4 /* TestCellModel.m */ = {isa = PBXFileReference; lastKnownFileType = sourcecode.c.objc; path = TestCellModel.m; sourceTree = "<group>"; };
		458F05C822D99F6400271BB4 /* Test.h */ = {isa = PBXFileReference; lastKnownFileType = sourcecode.c.h; path = Test.h; sourceTree = "<group>"; };
		458F05C922D99F6400271BB4 /* Test.m */ = {isa = PBXFileReference; lastKnownFileType = sourcecode.c.objc; path = Test.m; sourceTree = "<group>"; };
		458F05CB22D9A18E00271BB4 /* Interface.h */ = {isa = PBXFileReference; lastKnownFileType = sourcecode.c.h; path = Interface.h; sourceTree = "<group>"; };
		458F05D522DF538B00271BB4 /* WHomeTabCell.h */ = {isa = PBXFileReference; lastKnownFileType = sourcecode.c.h; path = WHomeTabCell.h; sourceTree = "<group>"; };
		458F05D622DF538B00271BB4 /* WHomeTabCell.m */ = {isa = PBXFileReference; lastKnownFileType = sourcecode.c.objc; path = WHomeTabCell.m; sourceTree = "<group>"; };
		458F05D822DF539600271BB4 /* WHomeTabCellModel.h */ = {isa = PBXFileReference; lastKnownFileType = sourcecode.c.h; path = WHomeTabCellModel.h; sourceTree = "<group>"; };
		458F05D922DF539600271BB4 /* WHomeTabCellModel.m */ = {isa = PBXFileReference; lastKnownFileType = sourcecode.c.objc; path = WHomeTabCellModel.m; sourceTree = "<group>"; };
		458F05DB22DF59AF00271BB4 /* WHomeBottomCell.h */ = {isa = PBXFileReference; lastKnownFileType = sourcecode.c.h; path = WHomeBottomCell.h; sourceTree = "<group>"; };
		458F05DC22DF59AF00271BB4 /* WHomeBottomCell.m */ = {isa = PBXFileReference; lastKnownFileType = sourcecode.c.objc; path = WHomeBottomCell.m; sourceTree = "<group>"; };
		458F05DE22DF59BF00271BB4 /* WHomeBottomCellModel.h */ = {isa = PBXFileReference; lastKnownFileType = sourcecode.c.h; path = WHomeBottomCellModel.h; sourceTree = "<group>"; };
		458F05DF22DF59BF00271BB4 /* WHomeBottomCellModel.m */ = {isa = PBXFileReference; lastKnownFileType = sourcecode.c.objc; path = WHomeBottomCellModel.m; sourceTree = "<group>"; };
		458F05E122DF5DE800271BB4 /* WHomeHostCell.h */ = {isa = PBXFileReference; lastKnownFileType = sourcecode.c.h; path = WHomeHostCell.h; sourceTree = "<group>"; };
		458F05E222DF5DE800271BB4 /* WHomeHostCell.m */ = {isa = PBXFileReference; lastKnownFileType = sourcecode.c.objc; path = WHomeHostCell.m; sourceTree = "<group>"; };
		458F05E422DF5DF600271BB4 /* WHomeHostCellModel.h */ = {isa = PBXFileReference; lastKnownFileType = sourcecode.c.h; path = WHomeHostCellModel.h; sourceTree = "<group>"; };
		458F05E522DF5DF600271BB4 /* WHomeHostCellModel.m */ = {isa = PBXFileReference; lastKnownFileType = sourcecode.c.objc; path = WHomeHostCellModel.m; sourceTree = "<group>"; };
		458F05E722DF616900271BB4 /* WLoginCell.h */ = {isa = PBXFileReference; lastKnownFileType = sourcecode.c.h; path = WLoginCell.h; sourceTree = "<group>"; };
		458F05E822DF616900271BB4 /* WLoginCell.m */ = {isa = PBXFileReference; lastKnownFileType = sourcecode.c.objc; path = WLoginCell.m; sourceTree = "<group>"; };
		458F05ED22DF629200271BB4 /* WLoginOtherCell.h */ = {isa = PBXFileReference; lastKnownFileType = sourcecode.c.h; path = WLoginOtherCell.h; sourceTree = "<group>"; };
		458F05EE22DF629200271BB4 /* WLoginOtherCell.m */ = {isa = PBXFileReference; lastKnownFileType = sourcecode.c.objc; path = WLoginOtherCell.m; sourceTree = "<group>"; };
		458F05F022DF62E100271BB4 /* WLoginInputCell.h */ = {isa = PBXFileReference; lastKnownFileType = sourcecode.c.h; path = WLoginInputCell.h; sourceTree = "<group>"; };
		458F05F122DF62E100271BB4 /* WLoginInputCell.m */ = {isa = PBXFileReference; lastKnownFileType = sourcecode.c.objc; path = WLoginInputCell.m; sourceTree = "<group>"; };
		458F05F322DF631300271BB4 /* WLoginVCodeCell.h */ = {isa = PBXFileReference; lastKnownFileType = sourcecode.c.h; path = WLoginVCodeCell.h; sourceTree = "<group>"; };
		458F05F422DF631300271BB4 /* WLoginVCodeCell.m */ = {isa = PBXFileReference; lastKnownFileType = sourcecode.c.objc; path = WLoginVCodeCell.m; sourceTree = "<group>"; };
		458F05F622DF632600271BB4 /* WLoginButtonCell.h */ = {isa = PBXFileReference; lastKnownFileType = sourcecode.c.h; path = WLoginButtonCell.h; sourceTree = "<group>"; };
		458F05F722DF632600271BB4 /* WLoginButtonCell.m */ = {isa = PBXFileReference; lastKnownFileType = sourcecode.c.objc; path = WLoginButtonCell.m; sourceTree = "<group>"; };
		458F05F922DF640700271BB4 /* WLoginController.h */ = {isa = PBXFileReference; lastKnownFileType = sourcecode.c.h; path = WLoginController.h; sourceTree = "<group>"; };
		458F05FA22DF640700271BB4 /* WLoginController.m */ = {isa = PBXFileReference; lastKnownFileType = sourcecode.c.objc; path = WLoginController.m; sourceTree = "<group>"; };
		458F05FC22DF688D00271BB4 /* WMineHeaderCell.h */ = {isa = PBXFileReference; lastKnownFileType = sourcecode.c.h; path = WMineHeaderCell.h; sourceTree = "<group>"; };
		458F05FD22DF688D00271BB4 /* WMineHeaderCell.m */ = {isa = PBXFileReference; lastKnownFileType = sourcecode.c.objc; path = WMineHeaderCell.m; sourceTree = "<group>"; };
		458F05FF22DF68AA00271BB4 /* WMineLineCell.h */ = {isa = PBXFileReference; lastKnownFileType = sourcecode.c.h; path = WMineLineCell.h; sourceTree = "<group>"; };
		458F060022DF68AA00271BB4 /* WMineLineCell.m */ = {isa = PBXFileReference; lastKnownFileType = sourcecode.c.objc; path = WMineLineCell.m; sourceTree = "<group>"; };
		458F060222DF68B800271BB4 /* WMineCell.h */ = {isa = PBXFileReference; lastKnownFileType = sourcecode.c.h; path = WMineCell.h; sourceTree = "<group>"; };
		458F060322DF68B800271BB4 /* WMineCell.m */ = {isa = PBXFileReference; lastKnownFileType = sourcecode.c.objc; path = WMineCell.m; sourceTree = "<group>"; };
		458F060522DF690B00271BB4 /* WPersonHeaderCell.h */ = {isa = PBXFileReference; lastKnownFileType = sourcecode.c.h; path = WPersonHeaderCell.h; sourceTree = "<group>"; };
		458F060622DF690B00271BB4 /* WPersonHeaderCell.m */ = {isa = PBXFileReference; lastKnownFileType = sourcecode.c.objc; path = WPersonHeaderCell.m; sourceTree = "<group>"; };
		458F060822DF694400271BB4 /* WPersonCell.h */ = {isa = PBXFileReference; lastKnownFileType = sourcecode.c.h; path = WPersonCell.h; sourceTree = "<group>"; };
		458F060922DF694400271BB4 /* WPersonCell.m */ = {isa = PBXFileReference; lastKnownFileType = sourcecode.c.objc; path = WPersonCell.m; sourceTree = "<group>"; };
		458F060B22DF696200271BB4 /* WLRTitleCell.h */ = {isa = PBXFileReference; lastKnownFileType = sourcecode.c.h; path = WLRTitleCell.h; sourceTree = "<group>"; };
		458F060C22DF696200271BB4 /* WLRTitleCell.m */ = {isa = PBXFileReference; lastKnownFileType = sourcecode.c.objc; path = WLRTitleCell.m; sourceTree = "<group>"; };
		458F061422DF69C500271BB4 /* WTitleImgCell.h */ = {isa = PBXFileReference; lastKnownFileType = sourcecode.c.h; path = WTitleImgCell.h; sourceTree = "<group>"; };
		458F061522DF69C500271BB4 /* WTitleImgCell.m */ = {isa = PBXFileReference; lastKnownFileType = sourcecode.c.objc; path = WTitleImgCell.m; sourceTree = "<group>"; };
		458F061722DF69D900271BB4 /* WCTitleCell.h */ = {isa = PBXFileReference; lastKnownFileType = sourcecode.c.h; path = WCTitleCell.h; sourceTree = "<group>"; };
		458F061822DF69D900271BB4 /* WCTitleCell.m */ = {isa = PBXFileReference; lastKnownFileType = sourcecode.c.objc; path = WCTitleCell.m; sourceTree = "<group>"; };
		458F061A22DF6F8600271BB4 /* WFollowCell.h */ = {isa = PBXFileReference; lastKnownFileType = sourcecode.c.h; path = WFollowCell.h; sourceTree = "<group>"; };
		458F061B22DF6F8600271BB4 /* WFollowCell.m */ = {isa = PBXFileReference; lastKnownFileType = sourcecode.c.objc; path = WFollowCell.m; sourceTree = "<group>"; };
/* End PBXFileReference section */

/* Begin PBXFrameworksBuildPhase section */
		458F054022D62A2200271BB4 /* Frameworks */ = {
			isa = PBXFrameworksBuildPhase;
			buildActionMask = 2147483647;
			files = (
			);
			runOnlyForDeploymentPostprocessing = 0;
		};
		458F055822D62A2400271BB4 /* Frameworks */ = {
			isa = PBXFrameworksBuildPhase;
			buildActionMask = 2147483647;
			files = (
			);
			runOnlyForDeploymentPostprocessing = 0;
		};
		458F056322D62A2400271BB4 /* Frameworks */ = {
			isa = PBXFrameworksBuildPhase;
			buildActionMask = 2147483647;
			files = (
			);
			runOnlyForDeploymentPostprocessing = 0;
		};
/* End PBXFrameworksBuildPhase section */

/* Begin PBXGroup section */
		18953CE422DC6A2900D4EB2A /* cells */ = {
			isa = PBXGroup;
			children = (
				18953CEB22DC6ABC00D4EB2A /* Cells.h */,
				18953CEC22DC6ABC00D4EB2A /* Cells.m */,
			);
			path = cells;
			sourceTree = "<group>";
		};
		18953CEE22DC710900D4EB2A /* https */ = {
			isa = PBXGroup;
			children = (
				18953CFE22DC75B500D4EB2A /* POST.h */,
				18953CFF22DC75B500D4EB2A /* POST.m */,
				18953D6022DEFF8300D4EB2A /* WHttpPhoneLogin.h */,
				18953D6122DEFF8400D4EB2A /* WHttpPhoneLogin.m */,
				18953D6322DEFFA100D4EB2A /* WHttpRegistered.h */,
				18953D6422DEFFA100D4EB2A /* WHttpRegistered.m */,
				18953D6622DEFFBB00D4EB2A /* WHttpMine.h */,
				18953D6722DEFFBB00D4EB2A /* WHttpMine.m */,
				18953D6922DEFFD600D4EB2A /* WHttpHostAnchor.h */,
				18953D6A22DEFFD600D4EB2A /* WHttpHostAnchor.m */,
			);
			path = https;
			sourceTree = "<group>";
		};
		18953D1E22DEF89F00D4EB2A /* show */ = {
			isa = PBXGroup;
			children = (
				18953DA822DF18B900D4EB2A /* WShow.h */,
				18953DA922DF18B900D4EB2A /* WShow.m */,
				18953DB922E03D6800D4EB2A /* WWatch.h */,
				18953DBA22E03D6800D4EB2A /* WWatch.m */,
			);
			path = show;
			sourceTree = "<group>";
		};
		18953D2022DEF8D100D4EB2A /* bang */ = {
			isa = PBXGroup;
			children = (
				18953D5722DEFE4400D4EB2A /* WBang.h */,
				18953D5822DEFE4400D4EB2A /* WBang.m */,
			);
			path = bang;
			sourceTree = "<group>";
		};
		18953D2122DEF8D400D4EB2A /* home */ = {
			isa = PBXGroup;
			children = (
				18953D4822DEFD4C00D4EB2A /* WHost.h */,
				18953D4922DEFD4C00D4EB2A /* WHost.m */,
				18953D4B22DEFD5500D4EB2A /* WFollow.h */,
				18953D4C22DEFD5500D4EB2A /* WFollow.m */,
				18953D4E22DEFD6200D4EB2A /* WNew.h */,
				18953D4F22DEFD6200D4EB2A /* WNew.m */,
				18953DAB22DF1A6500D4EB2A /* WHome.h */,
				18953DAC22DF1A6500D4EB2A /* WHome.m */,
			);
			path = home;
			sourceTree = "<group>";
		};
		18953D2222DEF8D700D4EB2A /* mine */ = {
			isa = PBXGroup;
			children = (
				18953D3922DEFC0500D4EB2A /* WMine.h */,
				18953D3A22DEFC0500D4EB2A /* WMine.m */,
				18953D3C22DEFC9800D4EB2A /* WPersonal.h */,
				18953D3D22DEFC9800D4EB2A /* WPersonal.m */,
				18953D3F22DEFCA800D4EB2A /* WPersonEditor.h */,
				18953D4022DEFCA800D4EB2A /* WPersonEditor.m */,
				18953D4222DEFCC600D4EB2A /* WMoney.h */,
				18953D4322DEFCC600D4EB2A /* WMoney.m */,
				18953D4522DEFD0200D4EB2A /* WSetUp.h */,
				18953D4622DEFD0200D4EB2A /* WSetUp.m */,
				18953D5122DEFDE900D4EB2A /* WConcern.h */,
				18953D5222DEFDE900D4EB2A /* WConcern.m */,
				18953D5422DEFDF400D4EB2A /* WFans.h */,
				18953D5522DEFDF400D4EB2A /* WFans.m */,
			);
			path = mine;
			sourceTree = "<group>";
		};
		18953D2322DEF8E100D4EB2A /* login */ = {
			isa = PBXGroup;
			children = (
				18953D3022DEFBCC00D4EB2A /* WLogin.h */,
				18953D3122DEFBCC00D4EB2A /* WLogin.m */,
				18953D3322DEFBE200D4EB2A /* WPhoneLogin.h */,
				18953D3422DEFBE200D4EB2A /* WPhoneLogin.m */,
				18953D3622DEFBF900D4EB2A /* WRegistered.h */,
				18953D3722DEFBF900D4EB2A /* WRegistered.m */,
				18953DC222E056DB00D4EB2A /* WForget.h */,
				18953DC322E056DB00D4EB2A /* WForget.m */,
			);
			path = login;
			sourceTree = "<group>";
		};
		18953D2722DEFA4300D4EB2A /* end */ = {
			isa = PBXGroup;
			children = (
				18953D5A22DEFF1100D4EB2A /* WAnchorEnd.h */,
				18953D5B22DEFF1100D4EB2A /* WAnchorEnd.m */,
				18953D5D22DEFF4100D4EB2A /* WAudienceEnd.h */,
				18953D5E22DEFF4100D4EB2A /* WAudienceEnd.m */,
			);
			path = end;
			sourceTree = "<group>";
		};
		18953D6C22DF035200D4EB2A /* test */ = {
			isa = PBXGroup;
			children = (
				458F059E22D77AD600271BB4 /* TestViewController.h */,
				458F059F22D77AD600271BB4 /* TestViewController.m */,
				458F05BE22D99BA900271BB4 /* TestCollectionViewController.h */,
				458F05BF22D99BA900271BB4 /* TestCollectionViewController.m */,
			);
			path = test;
			sourceTree = "<group>";
		};
		18953D6D22DF036100D4EB2A /* test */ = {
			isa = PBXGroup;
			children = (
				458F057F22D62A7C00271BB4 /* One.h */,
				458F058022D62A7C00271BB4 /* One.m */,
				458F05C822D99F6400271BB4 /* Test.h */,
				458F05C922D99F6400271BB4 /* Test.m */,
			);
			path = test;
			sourceTree = "<group>";
		};
		18953D6E22DF036D00D4EB2A /* test */ = {
			isa = PBXGroup;
			children = (
				458F05C122D99DF400271BB4 /* oneTest */,
				458F05A322D7809E00271BB4 /* one */,
				458F05A222D7809B00271BB4 /* two */,
				458F05A122D7809800271BB4 /* three */,
			);
			path = test;
			sourceTree = "<group>";
		};
		18953D7B22DF08F800D4EB2A /* Masonry */ = {
			isa = PBXGroup;
			children = (
				18953D7C22DF08F800D4EB2A /* MASCompositeConstraint.h */,
				18953D7D22DF08F800D4EB2A /* NSLayoutConstraint+MASDebugAdditions.m */,
				18953D7E22DF08F800D4EB2A /* MASConstraint+Private.h */,
				18953D7F22DF08F800D4EB2A /* MASLayoutConstraint.h */,
				18953D8022DF08F800D4EB2A /* NSArray+MASShorthandAdditions.h */,
				18953D8122DF08F800D4EB2A /* MASConstraintMaker.h */,
				18953D8222DF08F800D4EB2A /* View+MASAdditions.h */,
				18953D8322DF08F800D4EB2A /* NSArray+MASAdditions.h */,
				18953D8422DF08F800D4EB2A /* MASUtilities.h */,
				18953D8522DF08F800D4EB2A /* MASViewAttribute.h */,
				18953D8622DF08F800D4EB2A /* ViewController+MASAdditions.m */,
				18953D8722DF08F800D4EB2A /* MASViewConstraint.h */,
				18953D8822DF08F800D4EB2A /* MASConstraint.h */,
				18953D8922DF08F800D4EB2A /* NSLayoutConstraint+MASDebugAdditions.h */,
				18953D8A22DF08F800D4EB2A /* MASCompositeConstraint.m */,
				18953D8B22DF08F800D4EB2A /* MASConstraintMaker.m */,
				18953D8C22DF08F800D4EB2A /* MASLayoutConstraint.m */,
				18953D8D22DF08F800D4EB2A /* NSArray+MASAdditions.m */,
				18953D8E22DF08F800D4EB2A /* View+MASAdditions.m */,
				18953D8F22DF08F800D4EB2A /* View+MASShorthandAdditions.h */,
				18953D9022DF08F800D4EB2A /* Masonry.h */,
				18953D9122DF08F800D4EB2A /* MASConstraint.m */,
				18953D9222DF08F800D4EB2A /* ViewController+MASAdditions.h */,
				18953D9322DF08F800D4EB2A /* MASViewConstraint.m */,
				18953D9422DF08F800D4EB2A /* MASViewAttribute.m */,
			);
			path = Masonry;
			sourceTree = "<group>";
		};
		18953DA422DF0F0D00D4EB2A /* Router */ = {
			isa = PBXGroup;
			children = (
				18953DA522DF0F3000D4EB2A /* Router.h */,
				18953DA622DF0F3000D4EB2A /* Router.m */,
			);
			path = Router;
			sourceTree = "<group>";
		};
		18953DB522E03CDA00D4EB2A /* start */ = {
			isa = PBXGroup;
			children = (
				18953DB622E03D2000D4EB2A /* WAnchorStart.h */,
				18953DB722E03D2000D4EB2A /* WAnchorStart.m */,
			);
			path = start;
			sourceTree = "<group>";
		};
		18953DCE22E09EF900D4EB2A /* windows */ = {
			isa = PBXGroup;
			children = (
				18953DCF22E09F4700D4EB2A /* WEditorView.h */,
				18953DD022E09F4700D4EB2A /* WEditorView.m */,
			);
			path = windows;
			sourceTree = "<group>";
		};
		458F053A22D62A2100271BB4 = {
			isa = PBXGroup;
			children = (
				458F054522D62A2200271BB4 /* OC_Demo */,
				458F055E22D62A2400271BB4 /* OC_DemoTests */,
				458F056922D62A2400271BB4 /* OC_DemoUITests */,
				458F054422D62A2200271BB4 /* Products */,
			);
			sourceTree = "<group>";
			usesTabs = 0;
		};
		458F054422D62A2200271BB4 /* Products */ = {
			isa = PBXGroup;
			children = (
				458F054322D62A2200271BB4 /* OC_Demo.app */,
				458F055B22D62A2400271BB4 /* OC_DemoTests.xctest */,
				458F056622D62A2400271BB4 /* OC_DemoUITests.xctest */,
			);
			name = Products;
			sourceTree = "<group>";
		};
		458F054522D62A2200271BB4 /* OC_Demo */ = {
			isa = PBXGroup;
			children = (
				458F054622D62A2200271BB4 /* AppDelegate.h */,
				458F054722D62A2200271BB4 /* AppDelegate.m */,
				458F054922D62A2200271BB4 /* ViewController.h */,
				458F054A22D62A2200271BB4 /* ViewController.m */,
				18953D7B22DF08F800D4EB2A /* Masonry */,
				18953CEE22DC710900D4EB2A /* https */,
				458F059A22D7743E00271BB4 /* base */,
				458F057A22D62A3500271BB4 /* Models */,
				458F057922D62A3200271BB4 /* Views */,
				458F057822D62A2F00271BB4 /* ViewControllers */,
				458F054C22D62A2200271BB4 /* Main.storyboard */,
				458F054F22D62A2300271BB4 /* Assets.xcassets */,
				18953DC622E0687A00D4EB2A /* ca_right@3x.png */,
				18953DC722E0687A00D4EB2A /* ca_right@2x.png */,
				458F055122D62A2300271BB4 /* LaunchScreen.storyboard */,
				458F055422D62A2300271BB4 /* Info.plist */,
				458F055522D62A2300271BB4 /* main.m */,
			);
			path = OC_Demo;
			sourceTree = "<group>";
		};
		458F055E22D62A2400271BB4 /* OC_DemoTests */ = {
			isa = PBXGroup;
			children = (
				458F055F22D62A2400271BB4 /* OC_DemoTests.m */,
				458F056122D62A2400271BB4 /* Info.plist */,
			);
			path = OC_DemoTests;
			sourceTree = "<group>";
		};
		458F056922D62A2400271BB4 /* OC_DemoUITests */ = {
			isa = PBXGroup;
			children = (
				458F056A22D62A2400271BB4 /* OC_DemoUITests.m */,
				458F056C22D62A2400271BB4 /* Info.plist */,
			);
			path = OC_DemoUITests;
			sourceTree = "<group>";
		};
		458F057822D62A2F00271BB4 /* ViewControllers */ = {
			isa = PBXGroup;
			children = (
				18953DCE22E09EF900D4EB2A /* windows */,
				18953D6C22DF035200D4EB2A /* test */,
				18953D7222DF04C400D4EB2A /* WTableListVC.h */,
				18953D7322DF04C400D4EB2A /* WTableListVC.m */,
				18953D7522DF04E300D4EB2A /* WCollectionListVC.h */,
				18953D7622DF04E300D4EB2A /* WCollectionListVC.m */,
				18953D7822DF055300D4EB2A /* WCollectionListView.h */,
				18953D7922DF055300D4EB2A /* WCollectionListView.m */,
				18953DB122DF1E3F00D4EB2A /* WTabVC.h */,
				18953DB222DF1E3F00D4EB2A /* WTabVC.m */,
				458F05F922DF640700271BB4 /* WLoginController.h */,
				458F05FA22DF640700271BB4 /* WLoginController.m */,
			);
			path = ViewControllers;
			sourceTree = "<group>";
		};
		458F057922D62A3200271BB4 /* Views */ = {
			isa = PBXGroup;
			children = (
				458F05D122DF530400271BB4 /* homeCell */,
				458F05D022DF530100271BB4 /* loginCell */,
				458F05CF22DF52FE00271BB4 /* mineCell */,
				458F05CE22DF52FB00271BB4 /* bangCell */,
				18953D6E22DF036D00D4EB2A /* test */,
			);
			path = Views;
			sourceTree = "<group>";
		};
		458F057A22D62A3500271BB4 /* Models */ = {
			isa = PBXGroup;
			children = (
				18953D6D22DF036100D4EB2A /* test */,
				18953D2322DEF8E100D4EB2A /* login */,
				18953D2222DEF8D700D4EB2A /* mine */,
				18953D2122DEF8D400D4EB2A /* home */,
				18953D2022DEF8D100D4EB2A /* bang */,
				18953D1E22DEF89F00D4EB2A /* show */,
				18953DB522E03CDA00D4EB2A /* start */,
				18953D2722DEFA4300D4EB2A /* end */,
			);
			path = Models;
			sourceTree = "<group>";
		};
		458F059A22D7743E00271BB4 /* base */ = {
			isa = PBXGroup;
			children = (
				458F05CB22D9A18E00271BB4 /* Interface.h */,
				18953DA422DF0F0D00D4EB2A /* Router */,
				18953CE422DC6A2900D4EB2A /* cells */,
				458F05B722D9990500271BB4 /* collection */,
				458F05B622D998F500271BB4 /* table */,
			);
			path = base;
			sourceTree = "<group>";
		};
		458F05A122D7809800271BB4 /* three */ = {
			isa = PBXGroup;
			children = (
				458F058E22D632D900271BB4 /* ThreeCell.h */,
				458F058F22D632D900271BB4 /* ThreeCell.m */,
				458F05B322D786A100271BB4 /* ThreeCellModel.h */,
				458F05B422D786A100271BB4 /* ThreeCellModel.m */,
			);
			path = three;
			sourceTree = "<group>";
		};
		458F05A222D7809B00271BB4 /* two */ = {
			isa = PBXGroup;
			children = (
				458F058B22D632CD00271BB4 /* TwoCell.h */,
				458F058C22D632CD00271BB4 /* TwoCell.m */,
				458F05B022D7869500271BB4 /* TwoCellModel.h */,
				458F05B122D7869500271BB4 /* TwoCellModel.m */,
			);
			path = two;
			sourceTree = "<group>";
		};
		458F05A322D7809E00271BB4 /* one */ = {
			isa = PBXGroup;
			children = (
				458F058222D62A8C00271BB4 /* OneCell.h */,
				458F058322D62A8C00271BB4 /* OneCell.m */,
				458F05A422D780C600271BB4 /* OneCellModel.h */,
				458F05A522D780C600271BB4 /* OneCellModel.m */,
			);
			path = one;
			sourceTree = "<group>";
		};
		458F05B622D998F500271BB4 /* table */ = {
			isa = PBXGroup;
			children = (
				458F059B22D7748A00271BB4 /* WTable.h */,
				458F059C22D7748A00271BB4 /* WTable.m */,
				458F05AD22D784B400271BB4 /* UITableViewCell+CellFunc.h */,
				458F05AE22D784B400271BB4 /* UITableViewCell+CellFunc.m */,
			);
			path = table;
			sourceTree = "<group>";
		};
		458F05B722D9990500271BB4 /* collection */ = {
			isa = PBXGroup;
			children = (
				458F05B822D9992C00271BB4 /* WCollectionView.h */,
				458F05B922D9992C00271BB4 /* WCollectionView.m */,
				458F05BB22D99AEC00271BB4 /* UICollectionViewCell+CellFunc.h */,
				458F05BC22D99AEC00271BB4 /* UICollectionViewCell+CellFunc.m */,
			);
			path = collection;
			sourceTree = "<group>";
		};
		458F05C122D99DF400271BB4 /* oneTest */ = {
			isa = PBXGroup;
			children = (
				458F05C222D99E0E00271BB4 /* TestCollectionViewCell.h */,
				458F05C322D99E0E00271BB4 /* TestCollectionViewCell.m */,
				458F05C522D99E1D00271BB4 /* TestCellModel.h */,
				458F05C622D99E1D00271BB4 /* TestCellModel.m */,
			);
			path = oneTest;
			sourceTree = "<group>";
		};
		458F05CE22DF52FB00271BB4 /* bangCell */ = {
			isa = PBXGroup;
			children = (
			);
			path = bangCell;
			sourceTree = "<group>";
		};
		458F05CF22DF52FE00271BB4 /* mineCell */ = {
			isa = PBXGroup;
			children = (
				458F05FC22DF688D00271BB4 /* WMineHeaderCell.h */,
				458F05FD22DF688D00271BB4 /* WMineHeaderCell.m */,
				458F05FF22DF68AA00271BB4 /* WMineLineCell.h */,
				458F060022DF68AA00271BB4 /* WMineLineCell.m */,
				458F060222DF68B800271BB4 /* WMineCell.h */,
				458F060322DF68B800271BB4 /* WMineCell.m */,
				458F060522DF690B00271BB4 /* WPersonHeaderCell.h */,
				458F060622DF690B00271BB4 /* WPersonHeaderCell.m */,
				458F060822DF694400271BB4 /* WPersonCell.h */,
				458F060922DF694400271BB4 /* WPersonCell.m */,
				458F060B22DF696200271BB4 /* WLRTitleCell.h */,
				458F060C22DF696200271BB4 /* WLRTitleCell.m */,
				458F061422DF69C500271BB4 /* WTitleImgCell.h */,
				458F061522DF69C500271BB4 /* WTitleImgCell.m */,
				458F061722DF69D900271BB4 /* WCTitleCell.h */,
				458F061822DF69D900271BB4 /* WCTitleCell.m */,
				458F061A22DF6F8600271BB4 /* WFollowCell.h */,
				458F061B22DF6F8600271BB4 /* WFollowCell.m */,
			);
			path = mineCell;
			sourceTree = "<group>";
		};
		458F05D022DF530100271BB4 /* loginCell */ = {
			isa = PBXGroup;
			children = (
				458F05E722DF616900271BB4 /* WLoginCell.h */,
				458F05E822DF616900271BB4 /* WLoginCell.m */,
				458F05ED22DF629200271BB4 /* WLoginOtherCell.h */,
				458F05EE22DF629200271BB4 /* WLoginOtherCell.m */,
				458F05F022DF62E100271BB4 /* WLoginInputCell.h */,
				458F05F122DF62E100271BB4 /* WLoginInputCell.m */,
				458F05F322DF631300271BB4 /* WLoginVCodeCell.h */,
				458F05F422DF631300271BB4 /* WLoginVCodeCell.m */,
				458F05F622DF632600271BB4 /* WLoginButtonCell.h */,
				458F05F722DF632600271BB4 /* WLoginButtonCell.m */,
				18953DBC22E0556B00D4EB2A /* WPasswordCell.h */,
				18953DBD22E0556B00D4EB2A /* WPasswordCell.m */,
				18953DBF22E0557500D4EB2A /* WForgetCell.h */,
				18953DC022E0557500D4EB2A /* WForgetCell.m */,
			);
			path = loginCell;
			sourceTree = "<group>";
		};
		458F05D122DF530400271BB4 /* homeCell */ = {
			isa = PBXGroup;
			children = (
				458F05D522DF538B00271BB4 /* WHomeTabCell.h */,
				458F05D622DF538B00271BB4 /* WHomeTabCell.m */,
				458F05D822DF539600271BB4 /* WHomeTabCellModel.h */,
				458F05D922DF539600271BB4 /* WHomeTabCellModel.m */,
				458F05DB22DF59AF00271BB4 /* WHomeBottomCell.h */,
				458F05DC22DF59AF00271BB4 /* WHomeBottomCell.m */,
				458F05DE22DF59BF00271BB4 /* WHomeBottomCellModel.h */,
				458F05DF22DF59BF00271BB4 /* WHomeBottomCellModel.m */,
				458F05E122DF5DE800271BB4 /* WHomeHostCell.h */,
				458F05E222DF5DE800271BB4 /* WHomeHostCell.m */,
				458F05E422DF5DF600271BB4 /* WHomeHostCellModel.h */,
				458F05E522DF5DF600271BB4 /* WHomeHostCellModel.m */,
			);
			path = homeCell;
			sourceTree = "<group>";
		};
/* End PBXGroup section */

/* Begin PBXNativeTarget section */
		458F054222D62A2200271BB4 /* OC_Demo */ = {
			isa = PBXNativeTarget;
			buildConfigurationList = 458F056F22D62A2400271BB4 /* Build configuration list for PBXNativeTarget "OC_Demo" */;
			buildPhases = (
				458F053F22D62A2200271BB4 /* Sources */,
				458F054022D62A2200271BB4 /* Frameworks */,
				458F054122D62A2200271BB4 /* Resources */,
			);
			buildRules = (
			);
			dependencies = (
			);
			name = OC_Demo;
			productName = OC_Demo;
			productReference = 458F054322D62A2200271BB4 /* OC_Demo.app */;
			productType = "com.apple.product-type.application";
		};
		458F055A22D62A2400271BB4 /* OC_DemoTests */ = {
			isa = PBXNativeTarget;
			buildConfigurationList = 458F057222D62A2400271BB4 /* Build configuration list for PBXNativeTarget "OC_DemoTests" */;
			buildPhases = (
				458F055722D62A2400271BB4 /* Sources */,
				458F055822D62A2400271BB4 /* Frameworks */,
				458F055922D62A2400271BB4 /* Resources */,
			);
			buildRules = (
			);
			dependencies = (
				458F055D22D62A2400271BB4 /* PBXTargetDependency */,
			);
			name = OC_DemoTests;
			productName = OC_DemoTests;
			productReference = 458F055B22D62A2400271BB4 /* OC_DemoTests.xctest */;
			productType = "com.apple.product-type.bundle.unit-test";
		};
		458F056522D62A2400271BB4 /* OC_DemoUITests */ = {
			isa = PBXNativeTarget;
			buildConfigurationList = 458F057522D62A2400271BB4 /* Build configuration list for PBXNativeTarget "OC_DemoUITests" */;
			buildPhases = (
				458F056222D62A2400271BB4 /* Sources */,
				458F056322D62A2400271BB4 /* Frameworks */,
				458F056422D62A2400271BB4 /* Resources */,
			);
			buildRules = (
			);
			dependencies = (
				458F056822D62A2400271BB4 /* PBXTargetDependency */,
			);
			name = OC_DemoUITests;
			productName = OC_DemoUITests;
			productReference = 458F056622D62A2400271BB4 /* OC_DemoUITests.xctest */;
			productType = "com.apple.product-type.bundle.ui-testing";
		};
/* End PBXNativeTarget section */

/* Begin PBXProject section */
		458F053B22D62A2100271BB4 /* Project object */ = {
			isa = PBXProject;
			attributes = {
				CLASSPREFIX = W;
				LastUpgradeCheck = 1010;
				ORGANIZATIONNAME = wangyongyue;
				TargetAttributes = {
					458F054222D62A2200271BB4 = {
						CreatedOnToolsVersion = 10.1;
					};
					458F055A22D62A2400271BB4 = {
						CreatedOnToolsVersion = 10.1;
						TestTargetID = 458F054222D62A2200271BB4;
					};
					458F056522D62A2400271BB4 = {
						CreatedOnToolsVersion = 10.1;
						TestTargetID = 458F054222D62A2200271BB4;
					};
				};
			};
			buildConfigurationList = 458F053E22D62A2100271BB4 /* Build configuration list for PBXProject "OC_Demo" */;
			compatibilityVersion = "Xcode 9.3";
			developmentRegion = en;
			hasScannedForEncodings = 0;
			knownRegions = (
				en,
				Base,
			);
			mainGroup = 458F053A22D62A2100271BB4;
			productRefGroup = 458F054422D62A2200271BB4 /* Products */;
			projectDirPath = "";
			projectRoot = "";
			targets = (
				458F054222D62A2200271BB4 /* OC_Demo */,
				458F055A22D62A2400271BB4 /* OC_DemoTests */,
				458F056522D62A2400271BB4 /* OC_DemoUITests */,
			);
		};
/* End PBXProject section */

/* Begin PBXResourcesBuildPhase section */
		458F054122D62A2200271BB4 /* Resources */ = {
			isa = PBXResourcesBuildPhase;
			buildActionMask = 2147483647;
			files = (
				458F055322D62A2300271BB4 /* LaunchScreen.storyboard in Resources */,
				458F055022D62A2300271BB4 /* Assets.xcassets in Resources */,
				18953DC922E0687A00D4EB2A /* ca_right@2x.png in Resources */,
				18953DC822E0687A00D4EB2A /* ca_right@3x.png in Resources */,
				458F054E22D62A2200271BB4 /* Main.storyboard in Resources */,
			);
			runOnlyForDeploymentPostprocessing = 0;
		};
		458F055922D62A2400271BB4 /* Resources */ = {
			isa = PBXResourcesBuildPhase;
			buildActionMask = 2147483647;
			files = (
			);
			runOnlyForDeploymentPostprocessing = 0;
		};
		458F056422D62A2400271BB4 /* Resources */ = {
			isa = PBXResourcesBuildPhase;
			buildActionMask = 2147483647;
			files = (
			);
			runOnlyForDeploymentPostprocessing = 0;
		};
/* End PBXResourcesBuildPhase section */

/* Begin PBXSourcesBuildPhase section */
		458F053F22D62A2200271BB4 /* Sources */ = {
			isa = PBXSourcesBuildPhase;
			buildActionMask = 2147483647;
			files = (
				18953D3E22DEFC9800D4EB2A /* WPersonal.m in Sources */,
				458F05BA22D9992C00271BB4 /* WCollectionView.m in Sources */,
				18953D5622DEFDF400D4EB2A /* WFans.m in Sources */,
				458F05B522D786A100271BB4 /* ThreeCellModel.m in Sources */,
				458F059022D632D900271BB4 /* ThreeCell.m in Sources */,
				18953D9C22DF08F900D4EB2A /* View+MASAdditions.m in Sources */,
				18953D9922DF08F900D4EB2A /* MASConstraintMaker.m in Sources */,
				458F05FB22DF640700271BB4 /* WLoginController.m in Sources */,
				18953D6522DEFFA100D4EB2A /* WHttpRegistered.m in Sources */,
				458F060A22DF694400271BB4 /* WPersonCell.m in Sources */,
				18953D6B22DEFFD600D4EB2A /* WHttpHostAnchor.m in Sources */,
				18953D9822DF08F900D4EB2A /* MASCompositeConstraint.m in Sources */,
				18953D7422DF04C400D4EB2A /* WTableListVC.m in Sources */,
				458F054B22D62A2200271BB4 /* ViewController.m in Sources */,
				18953D9D22DF08F900D4EB2A /* MASConstraint.m in Sources */,
				18953D9E22DF08F900D4EB2A /* MASViewConstraint.m in Sources */,
				458F05DD22DF59AF00271BB4 /* WHomeBottomCell.m in Sources */,
				18953DA722DF0F3000D4EB2A /* Router.m in Sources */,
				18953DD122E09F4700D4EB2A /* WEditorView.m in Sources */,
				458F061922DF69D900271BB4 /* WCTitleCell.m in Sources */,
				18953D6222DEFF8400D4EB2A /* WHttpPhoneLogin.m in Sources */,
				18953D9B22DF08F900D4EB2A /* NSArray+MASAdditions.m in Sources */,
				18953D7A22DF055300D4EB2A /* WCollectionListView.m in Sources */,
				458F05E322DF5DE800271BB4 /* WHomeHostCell.m in Sources */,
				458F05B222D7869500271BB4 /* TwoCellModel.m in Sources */,
				458F061622DF69C500271BB4 /* WTitleImgCell.m in Sources */,
				458F05CA22D99F6400271BB4 /* Test.m in Sources */,
				18953D5322DEFDE900D4EB2A /* WConcern.m in Sources */,
				458F05BD22D99AEC00271BB4 /* UICollectionViewCell+CellFunc.m in Sources */,
				18953D3222DEFBCC00D4EB2A /* WLogin.m in Sources */,
				458F060122DF68AA00271BB4 /* WMineLineCell.m in Sources */,
				18953DBE22E0556B00D4EB2A /* WPasswordCell.m in Sources */,
				18953D5F22DEFF4100D4EB2A /* WAudienceEnd.m in Sources */,
				458F059D22D7748A00271BB4 /* WTable.m in Sources */,
				458F05D722DF538B00271BB4 /* WHomeTabCell.m in Sources */,
				458F05DA22DF539600271BB4 /* WHomeTabCellModel.m in Sources */,
				458F05A022D77AD600271BB4 /* TestViewController.m in Sources */,
				458F05E922DF616900271BB4 /* WLoginCell.m in Sources */,
				458F05F222DF62E100271BB4 /* WLoginInputCell.m in Sources */,
				458F05E622DF5DF600271BB4 /* WHomeHostCellModel.m in Sources */,
				458F05F522DF631300271BB4 /* WLoginVCodeCell.m in Sources */,
				458F05E022DF59BF00271BB4 /* WHomeBottomCellModel.m in Sources */,
				18953D7722DF04E300D4EB2A /* WCollectionListVC.m in Sources */,
				18953DB822E03D2000D4EB2A /* WAnchorStart.m in Sources */,
				18953DC122E0557500D4EB2A /* WForgetCell.m in Sources */,
				458F05AF22D784B400271BB4 /* UITableViewCell+CellFunc.m in Sources */,
				458F060D22DF696200271BB4 /* WLRTitleCell.m in Sources */,
				458F05C422D99E0E00271BB4 /* TestCollectionViewCell.m in Sources */,
				18953D9A22DF08F900D4EB2A /* MASLayoutConstraint.m in Sources */,
				18953D4422DEFCC600D4EB2A /* WMoney.m in Sources */,
				18953D0022DC75B500D4EB2A /* POST.m in Sources */,
				458F05C022D99BA900271BB4 /* TestCollectionViewController.m in Sources */,
				18953D3822DEFBF900D4EB2A /* WRegistered.m in Sources */,
				18953DB322DF1E3F00D4EB2A /* WTabVC.m in Sources */,
				18953DAA22DF18B900D4EB2A /* WShow.m in Sources */,
				18953D3B22DEFC0500D4EB2A /* WMine.m in Sources */,
				458F058422D62A8C00271BB4 /* OneCell.m in Sources */,
				458F058122D62A7C00271BB4 /* One.m in Sources */,
				18953D5C22DEFF1100D4EB2A /* WAnchorEnd.m in Sources */,
				18953DC422E056DB00D4EB2A /* WForget.m in Sources */,
				18953D5922DEFE4400D4EB2A /* WBang.m in Sources */,
				18953D4722DEFD0200D4EB2A /* WSetUp.m in Sources */,
				458F060722DF690B00271BB4 /* WPersonHeaderCell.m in Sources */,
				458F058D22D632CD00271BB4 /* TwoCell.m in Sources */,
				458F05FE22DF688D00271BB4 /* WMineHeaderCell.m in Sources */,
				18953D5022DEFD6200D4EB2A /* WNew.m in Sources */,
				18953D9F22DF08F900D4EB2A /* MASViewAttribute.m in Sources */,
				458F055622D62A2300271BB4 /* main.m in Sources */,
				18953DAD22DF1A6500D4EB2A /* WHome.m in Sources */,
				18953D6822DEFFBB00D4EB2A /* WHttpMine.m in Sources */,
				458F060422DF68B800271BB4 /* WMineCell.m in Sources */,
				18953D9722DF08F900D4EB2A /* ViewController+MASAdditions.m in Sources */,
				458F05F822DF632600271BB4 /* WLoginButtonCell.m in Sources */,
				18953D4A22DEFD4C00D4EB2A /* WHost.m in Sources */,
				18953D3522DEFBE200D4EB2A /* WPhoneLogin.m in Sources */,
				18953D9622DF08F900D4EB2A /* NSLayoutConstraint+MASDebugAdditions.m in Sources */,
				18953DBB22E03D6800D4EB2A /* WWatch.m in Sources */,
				458F05A622D780C600271BB4 /* OneCellModel.m in Sources */,
				458F054822D62A2200271BB4 /* AppDelegate.m in Sources */,
				18953CED22DC6ABC00D4EB2A /* Cells.m in Sources */,
				458F061C22DF6F8600271BB4 /* WFollowCell.m in Sources */,
				458F05EF22DF629200271BB4 /* WLoginOtherCell.m in Sources */,
				458F05C722D99E1D00271BB4 /* TestCellModel.m in Sources */,
				18953D4D22DEFD5500D4EB2A /* WFollow.m in Sources */,
				18953D4122DEFCA800D4EB2A /* WPersonEditor.m in Sources */,
			);
			runOnlyForDeploymentPostprocessing = 0;
		};
		458F055722D62A2400271BB4 /* Sources */ = {
			isa = PBXSourcesBuildPhase;
			buildActionMask = 2147483647;
			files = (
				458F056022D62A2400271BB4 /* OC_DemoTests.m in Sources */,
			);
			runOnlyForDeploymentPostprocessing = 0;
		};
		458F056222D62A2400271BB4 /* Sources */ = {
			isa = PBXSourcesBuildPhase;
			buildActionMask = 2147483647;
			files = (
				458F056B22D62A2400271BB4 /* OC_DemoUITests.m in Sources */,
			);
			runOnlyForDeploymentPostprocessing = 0;
		};
/* End PBXSourcesBuildPhase section */

/* Begin PBXTargetDependency section */
		458F055D22D62A2400271BB4 /* PBXTargetDependency */ = {
			isa = PBXTargetDependency;
			target = 458F054222D62A2200271BB4 /* OC_Demo */;
			targetProxy = 458F055C22D62A2400271BB4 /* PBXContainerItemProxy */;
		};
		458F056822D62A2400271BB4 /* PBXTargetDependency */ = {
			isa = PBXTargetDependency;
			target = 458F054222D62A2200271BB4 /* OC_Demo */;
			targetProxy = 458F056722D62A2400271BB4 /* PBXContainerItemProxy */;
		};
/* End PBXTargetDependency section */

/* Begin PBXVariantGroup section */
		458F054C22D62A2200271BB4 /* Main.storyboard */ = {
			isa = PBXVariantGroup;
			children = (
				458F054D22D62A2200271BB4 /* Base */,
			);
			name = Main.storyboard;
			sourceTree = "<group>";
		};
		458F055122D62A2300271BB4 /* LaunchScreen.storyboard */ = {
			isa = PBXVariantGroup;
			children = (
				458F055222D62A2300271BB4 /* Base */,
			);
			name = LaunchScreen.storyboard;
			sourceTree = "<group>";
		};
/* End PBXVariantGroup section */

/* Begin XCBuildConfiguration section */
		458F056D22D62A2400271BB4 /* Debug */ = {
			isa = XCBuildConfiguration;
			buildSettings = {
				ALWAYS_SEARCH_USER_PATHS = NO;
				CLANG_ANALYZER_NONNULL = YES;
				CLANG_ANALYZER_NUMBER_OBJECT_CONVERSION = YES_AGGRESSIVE;
				CLANG_CXX_LANGUAGE_STANDARD = "gnu++14";
				CLANG_CXX_LIBRARY = "libc++";
				CLANG_ENABLE_MODULES = YES;
				CLANG_ENABLE_OBJC_ARC = YES;
				CLANG_ENABLE_OBJC_WEAK = YES;
				CLANG_WARN_BLOCK_CAPTURE_AUTORELEASING = YES;
				CLANG_WARN_BOOL_CONVERSION = YES;
				CLANG_WARN_COMMA = YES;
				CLANG_WARN_CONSTANT_CONVERSION = YES;
				CLANG_WARN_DEPRECATED_OBJC_IMPLEMENTATIONS = YES;
				CLANG_WARN_DIRECT_OBJC_ISA_USAGE = YES_ERROR;
				CLANG_WARN_DOCUMENTATION_COMMENTS = YES;
				CLANG_WARN_EMPTY_BODY = YES;
				CLANG_WARN_ENUM_CONVERSION = YES;
				CLANG_WARN_INFINITE_RECURSION = YES;
				CLANG_WARN_INT_CONVERSION = YES;
				CLANG_WARN_NON_LITERAL_NULL_CONVERSION = YES;
				CLANG_WARN_OBJC_IMPLICIT_RETAIN_SELF = YES;
				CLANG_WARN_OBJC_LITERAL_CONVERSION = YES;
				CLANG_WARN_OBJC_ROOT_CLASS = YES_ERROR;
				CLANG_WARN_RANGE_LOOP_ANALYSIS = YES;
				CLANG_WARN_STRICT_PROTOTYPES = YES;
				CLANG_WARN_SUSPICIOUS_MOVE = YES;
				CLANG_WARN_UNGUARDED_AVAILABILITY = YES_AGGRESSIVE;
				CLANG_WARN_UNREACHABLE_CODE = YES;
				CLANG_WARN__DUPLICATE_METHOD_MATCH = YES;
				CODE_SIGN_IDENTITY = "iPhone Developer";
				COPY_PHASE_STRIP = NO;
				DEBUG_INFORMATION_FORMAT = dwarf;
				ENABLE_STRICT_OBJC_MSGSEND = YES;
				ENABLE_TESTABILITY = YES;
				GCC_C_LANGUAGE_STANDARD = gnu11;
				GCC_DYNAMIC_NO_PIC = NO;
				GCC_NO_COMMON_BLOCKS = YES;
				GCC_OPTIMIZATION_LEVEL = 0;
				GCC_PREPROCESSOR_DEFINITIONS = (
					"DEBUG=1",
					"$(inherited)",
				);
				GCC_WARN_64_TO_32_BIT_CONVERSION = YES;
				GCC_WARN_ABOUT_RETURN_TYPE = YES_ERROR;
				GCC_WARN_UNDECLARED_SELECTOR = YES;
				GCC_WARN_UNINITIALIZED_AUTOS = YES_AGGRESSIVE;
				GCC_WARN_UNUSED_FUNCTION = YES;
				GCC_WARN_UNUSED_VARIABLE = YES;
				IPHONEOS_DEPLOYMENT_TARGET = 12.1;
				MTL_ENABLE_DEBUG_INFO = INCLUDE_SOURCE;
				MTL_FAST_MATH = YES;
				ONLY_ACTIVE_ARCH = YES;
				SDKROOT = iphoneos;
			};
			name = Debug;
		};
		458F056E22D62A2400271BB4 /* Release */ = {
			isa = XCBuildConfiguration;
			buildSettings = {
				ALWAYS_SEARCH_USER_PATHS = NO;
				CLANG_ANALYZER_NONNULL = YES;
				CLANG_ANALYZER_NUMBER_OBJECT_CONVERSION = YES_AGGRESSIVE;
				CLANG_CXX_LANGUAGE_STANDARD = "gnu++14";
				CLANG_CXX_LIBRARY = "libc++";
				CLANG_ENABLE_MODULES = YES;
				CLANG_ENABLE_OBJC_ARC = YES;
				CLANG_ENABLE_OBJC_WEAK = YES;
				CLANG_WARN_BLOCK_CAPTURE_AUTORELEASING = YES;
				CLANG_WARN_BOOL_CONVERSION = YES;
				CLANG_WARN_COMMA = YES;
				CLANG_WARN_CONSTANT_CONVERSION = YES;
				CLANG_WARN_DEPRECATED_OBJC_IMPLEMENTATIONS = YES;
				CLANG_WARN_DIRECT_OBJC_ISA_USAGE = YES_ERROR;
				CLANG_WARN_DOCUMENTATION_COMMENTS = YES;
				CLANG_WARN_EMPTY_BODY = YES;
				CLANG_WARN_ENUM_CONVERSION = YES;
				CLANG_WARN_INFINITE_RECURSION = YES;
				CLANG_WARN_INT_CONVERSION = YES;
				CLANG_WARN_NON_LITERAL_NULL_CONVERSION = YES;
				CLANG_WARN_OBJC_IMPLICIT_RETAIN_SELF = YES;
				CLANG_WARN_OBJC_LITERAL_CONVERSION = YES;
				CLANG_WARN_OBJC_ROOT_CLASS = YES_ERROR;
				CLANG_WARN_RANGE_LOOP_ANALYSIS = YES;
				CLANG_WARN_STRICT_PROTOTYPES = YES;
				CLANG_WARN_SUSPICIOUS_MOVE = YES;
				CLANG_WARN_UNGUARDED_AVAILABILITY = YES_AGGRESSIVE;
				CLANG_WARN_UNREACHABLE_CODE = YES;
				CLANG_WARN__DUPLICATE_METHOD_MATCH = YES;
				CODE_SIGN_IDENTITY = "iPhone Developer";
				COPY_PHASE_STRIP = NO;
				DEBUG_INFORMATION_FORMAT = "dwarf-with-dsym";
				ENABLE_NS_ASSERTIONS = NO;
				ENABLE_STRICT_OBJC_MSGSEND = YES;
				GCC_C_LANGUAGE_STANDARD = gnu11;
				GCC_NO_COMMON_BLOCKS = YES;
				GCC_WARN_64_TO_32_BIT_CONVERSION = YES;
				GCC_WARN_ABOUT_RETURN_TYPE = YES_ERROR;
				GCC_WARN_UNDECLARED_SELECTOR = YES;
				GCC_WARN_UNINITIALIZED_AUTOS = YES_AGGRESSIVE;
				GCC_WARN_UNUSED_FUNCTION = YES;
				GCC_WARN_UNUSED_VARIABLE = YES;
				IPHONEOS_DEPLOYMENT_TARGET = 12.1;
				MTL_ENABLE_DEBUG_INFO = NO;
				MTL_FAST_MATH = YES;
				SDKROOT = iphoneos;
				VALIDATE_PRODUCT = YES;
			};
			name = Release;
		};
		458F057022D62A2400271BB4 /* Debug */ = {
			isa = XCBuildConfiguration;
			buildSettings = {
				ASSETCATALOG_COMPILER_APPICON_NAME = AppIcon;
				CODE_SIGN_STYLE = Automatic;
				DEVELOPMENT_TEAM = XN467W38GQ;
				INFOPLIST_FILE = OC_Demo/Info.plist;
				IPHONEOS_DEPLOYMENT_TARGET = 9.0;
				LD_RUNPATH_SEARCH_PATHS = (
					"$(inherited)",
					"@executable_path/Frameworks",
				);
				PRODUCT_BUNDLE_IDENTIFIER = com.demo;
				PRODUCT_NAME = "$(TARGET_NAME)";
				TARGETED_DEVICE_FAMILY = "1,2";
			};
			name = Debug;
		};
		458F057122D62A2400271BB4 /* Release */ = {
			isa = XCBuildConfiguration;
			buildSettings = {
				ASSETCATALOG_COMPILER_APPICON_NAME = AppIcon;
				CODE_SIGN_STYLE = Automatic;
				DEVELOPMENT_TEAM = XN467W38GQ;
				INFOPLIST_FILE = OC_Demo/Info.plist;
				IPHONEOS_DEPLOYMENT_TARGET = 9.0;
				LD_RUNPATH_SEARCH_PATHS = (
					"$(inherited)",
					"@executable_path/Frameworks",
				);
				PRODUCT_BUNDLE_IDENTIFIER = com.demo;
				PRODUCT_NAME = "$(TARGET_NAME)";
				TARGETED_DEVICE_FAMILY = "1,2";
			};
			name = Release;
		};
		458F057322D62A2400271BB4 /* Debug */ = {
			isa = XCBuildConfiguration;
			buildSettings = {
				BUNDLE_LOADER = "$(TEST_HOST)";
				CODE_SIGN_STYLE = Automatic;
				DEVELOPMENT_TEAM = XN467W38GQ;
				INFOPLIST_FILE = OC_DemoTests/Info.plist;
				LD_RUNPATH_SEARCH_PATHS = (
					"$(inherited)",
					"@executable_path/Frameworks",
					"@loader_path/Frameworks",
				);
				PRODUCT_BUNDLE_IDENTIFIER = "com.demo.OC-DemoTests";
				PRODUCT_NAME = "$(TARGET_NAME)";
				TARGETED_DEVICE_FAMILY = "1,2";
				TEST_HOST = "$(BUILT_PRODUCTS_DIR)/OC_Demo.app/OC_Demo";
			};
			name = Debug;
		};
		458F057422D62A2400271BB4 /* Release */ = {
			isa = XCBuildConfiguration;
			buildSettings = {
				BUNDLE_LOADER = "$(TEST_HOST)";
				CODE_SIGN_STYLE = Automatic;
				DEVELOPMENT_TEAM = XN467W38GQ;
				INFOPLIST_FILE = OC_DemoTests/Info.plist;
				LD_RUNPATH_SEARCH_PATHS = (
					"$(inherited)",
					"@executable_path/Frameworks",
					"@loader_path/Frameworks",
				);
				PRODUCT_BUNDLE_IDENTIFIER = "com.demo.OC-DemoTests";
				PRODUCT_NAME = "$(TARGET_NAME)";
				TARGETED_DEVICE_FAMILY = "1,2";
				TEST_HOST = "$(BUILT_PRODUCTS_DIR)/OC_Demo.app/OC_Demo";
			};
			name = Release;
		};
		458F057622D62A2400271BB4 /* Debug */ = {
			isa = XCBuildConfiguration;
			buildSettings = {
				CODE_SIGN_STYLE = Automatic;
				DEVELOPMENT_TEAM = XN467W38GQ;
				INFOPLIST_FILE = OC_DemoUITests/Info.plist;
				LD_RUNPATH_SEARCH_PATHS = (
					"$(inherited)",
					"@executable_path/Frameworks",
					"@loader_path/Frameworks",
				);
				PRODUCT_BUNDLE_IDENTIFIER = "com.demo.OC-DemoUITests";
				PRODUCT_NAME = "$(TARGET_NAME)";
				TARGETED_DEVICE_FAMILY = "1,2";
				TEST_TARGET_NAME = OC_Demo;
			};
			name = Debug;
		};
		458F057722D62A2400271BB4 /* Release */ = {
			isa = XCBuildConfiguration;
			buildSettings = {
				CODE_SIGN_STYLE = Automatic;
				DEVELOPMENT_TEAM = XN467W38GQ;
				INFOPLIST_FILE = OC_DemoUITests/Info.plist;
				LD_RUNPATH_SEARCH_PATHS = (
					"$(inherited)",
					"@executable_path/Frameworks",
					"@loader_path/Frameworks",
				);
				PRODUCT_BUNDLE_IDENTIFIER = "com.demo.OC-DemoUITests";
				PRODUCT_NAME = "$(TARGET_NAME)";
				TARGETED_DEVICE_FAMILY = "1,2";
				TEST_TARGET_NAME = OC_Demo;
			};
			name = Release;
		};
/* End XCBuildConfiguration section */

/* Begin XCConfigurationList section */
		458F053E22D62A2100271BB4 /* Build configuration list for PBXProject "OC_Demo" */ = {
			isa = XCConfigurationList;
			buildConfigurations = (
				458F056D22D62A2400271BB4 /* Debug */,
				458F056E22D62A2400271BB4 /* Release */,
			);
			defaultConfigurationIsVisible = 0;
			defaultConfigurationName = Release;
		};
		458F056F22D62A2400271BB4 /* Build configuration list for PBXNativeTarget "OC_Demo" */ = {
			isa = XCConfigurationList;
			buildConfigurations = (
				458F057022D62A2400271BB4 /* Debug */,
				458F057122D62A2400271BB4 /* Release */,
			);
			defaultConfigurationIsVisible = 0;
			defaultConfigurationName = Release;
		};
		458F057222D62A2400271BB4 /* Build configuration list for PBXNativeTarget "OC_DemoTests" */ = {
			isa = XCConfigurationList;
			buildConfigurations = (
				458F057322D62A2400271BB4 /* Debug */,
				458F057422D62A2400271BB4 /* Release */,
			);
			defaultConfigurationIsVisible = 0;
			defaultConfigurationName = Release;
		};
		458F057522D62A2400271BB4 /* Build configuration list for PBXNativeTarget "OC_DemoUITests" */ = {
			isa = XCConfigurationList;
			buildConfigurations = (
				458F057622D62A2400271BB4 /* Debug */,
				458F057722D62A2400271BB4 /* Release */,
			);
			defaultConfigurationIsVisible = 0;
			defaultConfigurationName = Release;
		};
/* End XCConfigurationList section */
	};
	rootObject = 458F053B22D62A2100271BB4 /* Project object */;
}
